
Microsoft Visual Studio Solution File, Format Version 12.00
# Visual Studio Version 17
VisualStudioVersion = 17.0.31903.59
MinimumVisualStudioVersion = 10.0.40219.1
Project("{2150E333-8FDC-42A3-9474-1A3956D46DE8}") = "src", "src", "{827E0CD3-B72D-47B6-A68D-7590B98EB39B}"
EndProject
Project("{2150E333-8FDC-42A3-9474-1A3956D46DE8}") = "Hosts", "Hosts", "{C79C3622-AC92-5B3C-4F71-0BD0E7B3816F}"
EndProject
Project("{FAE04EC0-301F-11D3-BF4B-00C04F79EFBC}") = "LaptopCommerce.Api", "src\Hosts\LaptopCommerce.Api\LaptopCommerce.Api.csproj", "{CD08F9CA-69D6-40D1-9AC9-2E4E1FF4E5EE}"
EndProject
Project("{FAE04EC0-301F-11D3-BF4B-00C04F79EFBC}") = "LaptopCommerce.Worker", "src\Hosts\LaptopCommerce.Worker\LaptopCommerce.Worker.csproj", "{AC8CA41E-B040-4714-9E4E-7A7929259968}"
EndProject
Project("{2150E333-8FDC-42A3-9474-1A3956D46DE8}") = "BuildingBlocks", "BuildingBlocks", "{90298CBA-BD6F-3A0A-69D5-97CAD7B05E7E}"
EndProject
Project("{FAE04EC0-301F-11D3-BF4B-00C04F79EFBC}") = "LaptopCommerce.SharedKernel", "src\BuildingBlocks\LaptopCommerce.SharedKernel\LaptopCommerce.SharedKernel.csproj", "{8B634788-3EA7-4FC0-B932-69D77056DFF1}"
EndProject
Project("{FAE04EC0-301F-11D3-BF4B-00C04F79EFBC}") = "LaptopCommerce.Application.Abstractions", "src\BuildingBlocks\LaptopCommerce.Application.Abstractions\LaptopCommerce.Application.Abstractions.csproj", "{613A95F5-9EDB-491D-A4CD-54DBF9226174}"
EndProject
Project("{FAE04EC0-301F-11D3-BF4B-00C04F79EFBC}") = "LaptopCommerce.Infrastructure.Shared", "src\BuildingBlocks\LaptopCommerce.Infrastructure.Shared\LaptopCommerce.Infrastructure.Shared.csproj", "{6C1CABE6-834D-48AE-A088-A85E84797D6E}"
EndProject
Project("{FAE04EC0-301F-11D3-BF4B-00C04F79EFBC}") = "LaptopCommerce.Contracts", "src\BuildingBlocks\LaptopCommerce.Contracts\LaptopCommerce.Contracts.csproj", "{251701D0-DBD8-4A05-8369-67CB14BD09A7}"
EndProject
Project("{2150E333-8FDC-42A3-9474-1A3956D46DE8}") = "Modules", "Modules", "{EC447DCF-ABFA-6E24-52A5-D7FD48A5C558}"
EndProject
Project("{2150E333-8FDC-42A3-9474-1A3956D46DE8}") = "Identity", "Identity", "{0EC62A1A-9858-3A60-8A0C-FC9AACFA2EC7}"
EndProject
Project("{FAE04EC0-301F-11D3-BF4B-00C04F79EFBC}") = "LaptopCommerce.Identity.Domain", "src\Modules\Identity\LaptopCommerce.Identity.Domain\LaptopCommerce.Identity.Domain.csproj", "{9D371146-B306-4EB6-A3C8-9941A9C11974}"
EndProject
Project("{FAE04EC0-301F-11D3-BF4B-00C04F79EFBC}") = "LaptopCommerce.Identity.Application", "src\Modules\Identity\LaptopCommerce.Identity.Application\LaptopCommerce.Identity.Application.csproj", "{7D016203-F357-4C78-A3C7-80A15E1F3ED7}"
EndProject
Project("{FAE04EC0-301F-11D3-BF4B-00C04F79EFBC}") = "LaptopCommerce.Identity.Infrastructure", "src\Modules\Identity\LaptopCommerce.Identity.Infrastructure\LaptopCommerce.Identity.Infrastructure.csproj", "{A7EDE329-7AD0-4FFF-AA0C-BB45E1CA5E30}"
EndProject
Project("{FAE04EC0-301F-11D3-BF4B-00C04F79EFBC}") = "LaptopCommerce.Identity.Endpoints", "src\Modules\Identity\LaptopCommerce.Identity.Endpoints\LaptopCommerce.Identity.Endpoints.csproj", "{0B458FA3-B139-4DD3-8412-2DBC89DDD025}"
EndProject
Project("{2150E333-8FDC-42A3-9474-1A3956D46DE8}") = "Catalog", "Catalog", "{1E1EF545-4C18-AEE2-B997-7EF431518D3F}"
EndProject
Project("{FAE04EC0-301F-11D3-BF4B-00C04F79EFBC}") = "LaptopCommerce.Catalog.Domain", "src\Modules\Catalog\LaptopCommerce.Catalog.Domain\LaptopCommerce.Catalog.Domain.csproj", "{0DCCBFD7-87DC-4548-9023-5B90FA429D4C}"
EndProject
Project("{FAE04EC0-301F-11D3-BF4B-00C04F79EFBC}") = "LaptopCommerce.Catalog.Application", "src\Modules\Catalog\LaptopCommerce.Catalog.Application\LaptopCommerce.Catalog.Application.csproj", "{B35B670F-EE18-4334-9F22-798F33EE5596}"
EndProject
Project("{FAE04EC0-301F-11D3-BF4B-00C04F79EFBC}") = "LaptopCommerce.Catalog.Infrastructure", "src\Modules\Catalog\LaptopCommerce.Catalog.Infrastructure\LaptopCommerce.Catalog.Infrastructure.csproj", "{21627062-1FFC-43FB-A289-F9840DAA5351}"
EndProject
Project("{FAE04EC0-301F-11D3-BF4B-00C04F79EFBC}") = "LaptopCommerce.Catalog.Endpoints", "src\Modules\Catalog\LaptopCommerce.Catalog.Endpoints\LaptopCommerce.Catalog.Endpoints.csproj", "{7CC03CA6-F955-4CF5-BA09-45C462A554C8}"
EndProject
Project("{2150E333-8FDC-42A3-9474-1A3956D46DE8}") = "Inventory", "Inventory", "{18C073E0-6CB1-4693-3636-BFEE619A6192}"
EndProject
Project("{FAE04EC0-301F-11D3-BF4B-00C04F79EFBC}") = "LaptopCommerce.Inventory.Domain", "src\Modules\Inventory\LaptopCommerce.Inventory.Domain\LaptopCommerce.Inventory.Domain.csproj", "{38CD499E-E469-4C4B-AA1F-ED051CD90186}"
EndProject
Project("{FAE04EC0-301F-11D3-BF4B-00C04F79EFBC}") = "LaptopCommerce.Inventory.Application", "src\Modules\Inventory\LaptopCommerce.Inventory.Application\LaptopCommerce.Inventory.Application.csproj", "{698548D0-AA2F-4B12-85A8-761E0594D0A5}"
EndProject
Project("{FAE04EC0-301F-11D3-BF4B-00C04F79EFBC}") = "LaptopCommerce.Inventory.Infrastructure", "src\Modules\Inventory\LaptopCommerce.Inventory.Infrastructure\LaptopCommerce.Inventory.Infrastructure.csproj", "{D87B4ED5-B019-4C35-9824-390AA98F7EAA}"
EndProject
Project("{FAE04EC0-301F-11D3-BF4B-00C04F79EFBC}") = "LaptopCommerce.Inventory.Endpoints", "src\Modules\Inventory\LaptopCommerce.Inventory.Endpoints\LaptopCommerce.Inventory.Endpoints.csproj", "{55F86391-91BE-47B8-8105-128DF87AFE72}"
EndProject
Project("{2150E333-8FDC-42A3-9474-1A3956D46DE8}") = "Cart", "Cart", "{4CB6940A-8DC2-EB53-204F-2C1D4B30062C}"
EndProject
Project("{FAE04EC0-301F-11D3-BF4B-00C04F79EFBC}") = "LaptopCommerce.Cart.Domain", "src\Modules\Cart\LaptopCommerce.Cart.Domain\LaptopCommerce.Cart.Domain.csproj", "{B0FE2AD8-1858-459F-A309-55E417F65425}"
EndProject
Project("{FAE04EC0-301F-11D3-BF4B-00C04F79EFBC}") = "LaptopCommerce.Cart.Application", "src\Modules\Cart\LaptopCommerce.Cart.Application\LaptopCommerce.Cart.Application.csproj", "{06C3D9BC-FCF7-433D-A07A-512D3ADC7344}"
EndProject
Project("{FAE04EC0-301F-11D3-BF4B-00C04F79EFBC}") = "LaptopCommerce.Cart.Infrastructure", "src\Modules\Cart\LaptopCommerce.Cart.Infrastructure\LaptopCommerce.Cart.Infrastructure.csproj", "{41073D66-44F9-4210-9F58-7E3FD5A9C664}"
EndProject
Project("{FAE04EC0-301F-11D3-BF4B-00C04F79EFBC}") = "LaptopCommerce.Cart.Endpoints", "src\Modules\Cart\LaptopCommerce.Cart.Endpoints\LaptopCommerce.Cart.Endpoints.csproj", "{1924CBCC-2277-4460-9D9F-221865D2E0B3}"
EndProject
Project("{2150E333-8FDC-42A3-9474-1A3956D46DE8}") = "Ordering", "Ordering", "{1652FDBE-FD70-10D2-8806-7EAA51A58284}"
EndProject
Project("{FAE04EC0-301F-11D3-BF4B-00C04F79EFBC}") = "LaptopCommerce.Ordering.Domain", "src\Modules\Ordering\LaptopCommerce.Ordering.Domain\LaptopCommerce.Ordering.Domain.csproj", "{01174B16-3E11-4163-B518-D2333F8E12BB}"
EndProject
Project("{FAE04EC0-301F-11D3-BF4B-00C04F79EFBC}") = "LaptopCommerce.Ordering.Application", "src\Modules\Ordering\LaptopCommerce.Ordering.Application\LaptopCommerce.Ordering.Application.csproj", "{9BCAE0DA-3E63-4831-8311-4921E2459FA4}"
EndProject
Project("{FAE04EC0-301F-11D3-BF4B-00C04F79EFBC}") = "LaptopCommerce.Ordering.Infrastructure", "src\Modules\Ordering\LaptopCommerce.Ordering.Infrastructure\LaptopCommerce.Ordering.Infrastructure.csproj", "{26C3EAA1-49D4-4AF4-9708-DE35B0E86324}"
EndProject
Project("{FAE04EC0-301F-11D3-BF4B-00C04F79EFBC}") = "LaptopCommerce.Ordering.Endpoints", "src\Modules\Ordering\LaptopCommerce.Ordering.Endpoints\LaptopCommerce.Ordering.Endpoints.csproj", "{03B82BAF-D0D5-4B90-9BB5-51EB1E11F9F6}"
EndProject
Project("{2150E333-8FDC-42A3-9474-1A3956D46DE8}") = "Review", "Review", "{119B9025-7692-9A9A-6CE7-5969F6835191}"
EndProject
Project("{FAE04EC0-301F-11D3-BF4B-00C04F79EFBC}") = "LaptopCommerce.Review.Domain", "src\Modules\Review\LaptopCommerce.Review.Domain\LaptopCommerce.Review.Domain.csproj", "{443C850A-FE1B-4452-B32D-36CCDFFC0E09}"
EndProject
Project("{FAE04EC0-301F-11D3-BF4B-00C04F79EFBC}") = "LaptopCommerce.Review.Application", "src\Modules\Review\LaptopCommerce.Review.Application\LaptopCommerce.Review.Application.csproj", "{B91D5024-D72B-4C46-BCE9-E46BC3BF3D19}"
EndProject
Project("{FAE04EC0-301F-11D3-BF4B-00C04F79EFBC}") = "LaptopCommerce.Review.Infrastructure", "src\Modules\Review\LaptopCommerce.Review.Infrastructure\LaptopCommerce.Review.Infrastructure.csproj", "{646261FF-8F9B-43F9-A5CF-F4E2BAB8568D}"
EndProject
Project("{FAE04EC0-301F-11D3-BF4B-00C04F79EFBC}") = "LaptopCommerce.Review.Endpoints", "src\Modules\Review\LaptopCommerce.Review.Endpoints\LaptopCommerce.Review.Endpoints.csproj", "{63286BC5-AC6C-4F03-847D-51B32EFDDC02}"
EndProject
Project("{2150E333-8FDC-42A3-9474-1A3956D46DE8}") = "Wishlist", "Wishlist", "{7036C52F-510B-7D47-7F08-94B682610F05}"
EndProject
Project("{FAE04EC0-301F-11D3-BF4B-00C04F79EFBC}") = "LaptopCommerce.Wishlist.Domain", "src\Modules\Wishlist\LaptopCommerce.Wishlist.Domain\LaptopCommerce.Wishlist.Domain.csproj", "{0F31814A-4623-4691-AF49-BEBADE4E95D8}"
EndProject
Project("{FAE04EC0-301F-11D3-BF4B-00C04F79EFBC}") = "LaptopCommerce.Wishlist.Application", "src\Modules\Wishlist\LaptopCommerce.Wishlist.Application\LaptopCommerce.Wishlist.Application.csproj", "{40797BD5-FB56-4847-9738-4DBC69183813}"
EndProject
Project("{FAE04EC0-301F-11D3-BF4B-00C04F79EFBC}") = "LaptopCommerce.Wishlist.Infrastructure", "src\Modules\Wishlist\LaptopCommerce.Wishlist.Infrastructure\LaptopCommerce.Wishlist.Infrastructure.csproj", "{630C8DD4-E1E6-40F6-8CC1-6893E174749E}"
EndProject
Project("{FAE04EC0-301F-11D3-BF4B-00C04F79EFBC}") = "LaptopCommerce.Wishlist.Endpoints", "src\Modules\Wishlist\LaptopCommerce.Wishlist.Endpoints\LaptopCommerce.Wishlist.Endpoints.csproj", "{4A86266F-41E6-4B96-8511-55FA4701BF42}"
EndProject
Project("{2150E333-8FDC-42A3-9474-1A3956D46DE8}") = "Tracking", "Tracking", "{7F68AD77-DBEA-C2B0-E9AC-FAEB1B77F0D5}"
EndProject
Project("{FAE04EC0-301F-11D3-BF4B-00C04F79EFBC}") = "LaptopCommerce.Tracking.Domain", "src\Modules\Tracking\LaptopCommerce.Tracking.Domain\LaptopCommerce.Tracking.Domain.csproj", "{F65E9F31-1794-42E4-974A-9F74B8F27350}"
EndProject
Project("{FAE04EC0-301F-11D3-BF4B-00C04F79EFBC}") = "LaptopCommerce.Tracking.Application", "src\Modules\Tracking\LaptopCommerce.Tracking.Application\LaptopCommerce.Tracking.Application.csproj", "{73F5C29F-4933-44DF-B8B5-36EEAFC22EBD}"
EndProject
Project("{FAE04EC0-301F-11D3-BF4B-00C04F79EFBC}") = "LaptopCommerce.Tracking.Infrastructure", "src\Modules\Tracking\LaptopCommerce.Tracking.Infrastructure\LaptopCommerce.Tracking.Infrastructure.csproj", "{6D1ECE3D-14F4-44ED-B7F7-AE045BE157D6}"
EndProject
Project("{FAE04EC0-301F-11D3-BF4B-00C04F79EFBC}") = "LaptopCommerce.Tracking.Endpoints", "src\Modules\Tracking\LaptopCommerce.Tracking.Endpoints\LaptopCommerce.Tracking.Endpoints.csproj", "{CA4CB275-A4EB-4F09-89E5-87D11313FAAE}"
EndProject
Project("{2150E333-8FDC-42A3-9474-1A3956D46DE8}") = "Recommendation", "Recommendation", "{095328AA-0B72-689C-7EF8-3224A67DC1FE}"
EndProject
Project("{FAE04EC0-301F-11D3-BF4B-00C04F79EFBC}") = "LaptopCommerce.Recommendation.Domain", "src\Modules\Recommendation\LaptopCommerce.Recommendation.Domain\LaptopCommerce.Recommendation.Domain.csproj", "{2191BCF5-8615-4C68-B821-BF9A5E7358C4}"
EndProject
Project("{FAE04EC0-301F-11D3-BF4B-00C04F79EFBC}") = "LaptopCommerce.Recommendation.Application", "src\Modules\Recommendation\LaptopCommerce.Recommendation.Application\LaptopCommerce.Recommendation.Application.csproj", "{BE5F497A-31B1-4A84-AE05-60F167142D90}"
EndProject
Project("{FAE04EC0-301F-11D3-BF4B-00C04F79EFBC}") = "LaptopCommerce.Recommendation.Infrastructure", "src\Modules\Recommendation\LaptopCommerce.Recommendation.Infrastructure\LaptopCommerce.Recommendation.Infrastructure.csproj", "{6B52CCEE-02A0-487B-829C-C8B913CFC333}"
EndProject
Project("{FAE04EC0-301F-11D3-BF4B-00C04F79EFBC}") = "LaptopCommerce.Recommendation.Endpoints", "src\Modules\Recommendation\LaptopCommerce.Recommendation.Endpoints\LaptopCommerce.Recommendation.Endpoints.csproj", "{0C683802-1892-4E3D-9462-B7A57B62AFEB}"
EndProject
Project("{2150E333-8FDC-42A3-9474-1A3956D46DE8}") = "AI", "AI", "{BB1D8860-8311-E62E-D03C-503AF4A8C141}"
EndProject
Project("{FAE04EC0-301F-11D3-BF4B-00C04F79EFBC}") = "LaptopCommerce.AI.Domain", "src\Modules\AI\LaptopCommerce.AI.Domain\LaptopCommerce.AI.Domain.csproj", "{D76216FF-8EFE-4333-BAFB-CB2CE996829D}"
EndProject
Project("{FAE04EC0-301F-11D3-BF4B-00C04F79EFBC}") = "LaptopCommerce.AI.Application", "src\Modules\AI\LaptopCommerce.AI.Application\LaptopCommerce.AI.Application.csproj", "{CF19990C-86ED-40A3-8951-542339308D54}"
EndProject
Project("{FAE04EC0-301F-11D3-BF4B-00C04F79EFBC}") = "LaptopCommerce.AI.Infrastructure", "src\Modules\AI\LaptopCommerce.AI.Infrastructure\LaptopCommerce.AI.Infrastructure.csproj", "{A51E9B0A-4528-4DBC-A151-38784924BCDF}"
EndProject
Project("{FAE04EC0-301F-11D3-BF4B-00C04F79EFBC}") = "LaptopCommerce.AI.Endpoints", "src\Modules\AI\LaptopCommerce.AI.Endpoints\LaptopCommerce.AI.Endpoints.csproj", "{E851EC6B-D216-44B0-9DB7-B734DE35D586}"
EndProject
Project("{2150E333-8FDC-42A3-9474-1A3956D46DE8}") = "Analytics", "Analytics", "{DA0A0FAD-B77D-FDD6-35C5-001386650F99}"
EndProject
Project("{FAE04EC0-301F-11D3-BF4B-00C04F79EFBC}") = "LaptopCommerce.Analytics.Domain", "src\Modules\Analytics\LaptopCommerce.Analytics.Domain\LaptopCommerce.Analytics.Domain.csproj", "{FB527C70-33D5-47D7-AAF6-8D46B24B60CB}"
EndProject
Project("{FAE04EC0-301F-11D3-BF4B-00C04F79EFBC}") = "LaptopCommerce.Analytics.Application", "src\Modules\Analytics\LaptopCommerce.Analytics.Application\LaptopCommerce.Analytics.Application.csproj", "{DF1CEC29-1862-438A-83BA-90B9189C566A}"
EndProject
Project("{FAE04EC0-301F-11D3-BF4B-00C04F79EFBC}") = "LaptopCommerce.Analytics.Infrastructure", "src\Modules\Analytics\LaptopCommerce.Analytics.Infrastructure\LaptopCommerce.Analytics.Infrastructure.csproj", "{AA2BC179-7511-4DB1-AE2A-4436F24679D9}"
EndProject
Project("{FAE04EC0-301F-11D3-BF4B-00C04F79EFBC}") = "LaptopCommerce.Analytics.Endpoints", "src\Modules\Analytics\LaptopCommerce.Analytics.Endpoints\LaptopCommerce.Analytics.Endpoints.csproj", "{C3DEC1DC-A14C-49C8-9BCD-6C09F4C6E66D}"
EndProject
Global
	GlobalSection(SolutionConfigurationPlatforms) = preSolution
		Debug|Any CPU = Debug|Any CPU
		Debug|x64 = Debug|x64
		Debug|x86 = Debug|x86
		Release|Any CPU = Release|Any CPU
		Release|x64 = Release|x64
		Release|x86 = Release|x86
	EndGlobalSection
	GlobalSection(ProjectConfigurationPlatforms) = postSolution
		{CD08F9CA-69D6-40D1-9AC9-2E4E1FF4E5EE}.Debug|Any CPU.ActiveCfg = Debug|Any CPU
		{CD08F9CA-69D6-40D1-9AC9-2E4E1FF4E5EE}.Debug|Any CPU.Build.0 = Debug|Any CPU
		{CD08F9CA-69D6-40D1-9AC9-2E4E1FF4E5EE}.Debug|x64.ActiveCfg = Debug|Any CPU
		{CD08F9CA-69D6-40D1-9AC9-2E4E1FF4E5EE}.Debug|x64.Build.0 = Debug|Any CPU
		{CD08F9CA-69D6-40D1-9AC9-2E4E1FF4E5EE}.Debug|x86.ActiveCfg = Debug|Any CPU
		{CD08F9CA-69D6-40D1-9AC9-2E4E1FF4E5EE}.Debug|x86.Build.0 = Debug|Any CPU
		{CD08F9CA-69D6-40D1-9AC9-2E4E1FF4E5EE}.Release|Any CPU.ActiveCfg = Release|Any CPU
		{CD08F9CA-69D6-40D1-9AC9-2E4E1FF4E5EE}.Release|Any CPU.Build.0 = Release|Any CPU
		{CD08F9CA-69D6-40D1-9AC9-2E4E1FF4E5EE}.Release|x64.ActiveCfg = Release|Any CPU
		{CD08F9CA-69D6-40D1-9AC9-2E4E1FF4E5EE}.Release|x64.Build.0 = Release|Any CPU
		{CD08F9CA-69D6-40D1-9AC9-2E4E1FF4E5EE}.Release|x86.ActiveCfg = Release|Any CPU
		{CD08F9CA-69D6-40D1-9AC9-2E4E1FF4E5EE}.Release|x86.Build.0 = Release|Any CPU
		{AC8CA41E-B040-4714-9E4E-7A7929259968}.Debug|Any CPU.ActiveCfg = Debug|Any CPU
		{AC8CA41E-B040-4714-9E4E-7A7929259968}.Debug|Any CPU.Build.0 = Debug|Any CPU
		{AC8CA41E-B040-4714-9E4E-7A7929259968}.Debug|x64.ActiveCfg = Debug|Any CPU
		{AC8CA41E-B040-4714-9E4E-7A7929259968}.Debug|x64.Build.0 = Debug|Any CPU
		{AC8CA41E-B040-4714-9E4E-7A7929259968}.Debug|x86.ActiveCfg = Debug|Any CPU
		{AC8CA41E-B040-4714-9E4E-7A7929259968}.Debug|x86.Build.0 = Debug|Any CPU
		{AC8CA41E-B040-4714-9E4E-7A7929259968}.Release|Any CPU.ActiveCfg = Release|Any CPU
		{AC8CA41E-B040-4714-9E4E-7A7929259968}.Release|Any CPU.Build.0 = Release|Any CPU
		{AC8CA41E-B040-4714-9E4E-7A7929259968}.Release|x64.ActiveCfg = Release|Any CPU
		{AC8CA41E-B040-4714-9E4E-7A7929259968}.Release|x64.Build.0 = Release|Any CPU
		{AC8CA41E-B040-4714-9E4E-7A7929259968}.Release|x86.ActiveCfg = Release|Any CPU
		{AC8CA41E-B040-4714-9E4E-7A7929259968}.Release|x86.Build.0 = Release|Any CPU
		{8B634788-3EA7-4FC0-B932-69D77056DFF1}.Debug|Any CPU.ActiveCfg = Debug|Any CPU
		{8B634788-3EA7-4FC0-B932-69D77056DFF1}.Debug|Any CPU.Build.0 = Debug|Any CPU
		{8B634788-3EA7-4FC0-B932-69D77056DFF1}.Debug|x64.ActiveCfg = Debug|Any CPU
		{8B634788-3EA7-4FC0-B932-69D77056DFF1}.Debug|x64.Build.0 = Debug|Any CPU
		{8B634788-3EA7-4FC0-B932-69D77056DFF1}.Debug|x86.ActiveCfg = Debug|Any CPU
		{8B634788-3EA7-4FC0-B932-69D77056DFF1}.Debug|x86.Build.0 = Debug|Any CPU
		{8B634788-3EA7-4FC0-B932-69D77056DFF1}.Release|Any CPU.ActiveCfg = Release|Any CPU
		{8B634788-3EA7-4FC0-B932-69D77056DFF1}.Release|Any CPU.Build.0 = Release|Any CPU
		{8B634788-3EA7-4FC0-B932-69D77056DFF1}.Release|x64.ActiveCfg = Release|Any CPU
		{8B634788-3EA7-4FC0-B932-69D77056DFF1}.Release|x64.Build.0 = Release|Any CPU
		{8B634788-3EA7-4FC0-B932-69D77056DFF1}.Release|x86.ActiveCfg = Release|Any CPU
		{8B634788-3EA7-4FC0-B932-69D77056DFF1}.Release|x86.Build.0 = Release|Any CPU
		{613A95F5-9EDB-491D-A4CD-54DBF9226174}.Debug|Any CPU.ActiveCfg = Debug|Any CPU
		{613A95F5-9EDB-491D-A4CD-54DBF9226174}.Debug|Any CPU.Build.0 = Debug|Any CPU
		{613A95F5-9EDB-491D-A4CD-54DBF9226174}.Debug|x64.ActiveCfg = Debug|Any CPU
		{613A95F5-9EDB-491D-A4CD-54DBF9226174}.Debug|x64.Build.0 = Debug|Any CPU
		{613A95F5-9EDB-491D-A4CD-54DBF9226174}.Debug|x86.ActiveCfg = Debug|Any CPU
		{613A95F5-9EDB-491D-A4CD-54DBF9226174}.Debug|x86.Build.0 = Debug|Any CPU
		{613A95F5-9EDB-491D-A4CD-54DBF9226174}.Release|Any CPU.ActiveCfg = Release|Any CPU
		{613A95F5-9EDB-491D-A4CD-54DBF9226174}.Release|Any CPU.Build.0 = Release|Any CPU
		{613A95F5-9EDB-491D-A4CD-54DBF9226174}.Release|x64.ActiveCfg = Release|Any CPU
		{613A95F5-9EDB-491D-A4CD-54DBF9226174}.Release|x64.Build.0 = Release|Any CPU
		{613A95F5-9EDB-491D-A4CD-54DBF9226174}.Release|x86.ActiveCfg = Release|Any CPU
		{613A95F5-9EDB-491D-A4CD-54DBF9226174}.Release|x86.Build.0 = Release|Any CPU
		{6C1CABE6-834D-48AE-A088-A85E84797D6E}.Debug|Any CPU.ActiveCfg = Debug|Any CPU
		{6C1CABE6-834D-48AE-A088-A85E84797D6E}.Debug|Any CPU.Build.0 = Debug|Any CPU
		{6C1CABE6-834D-48AE-A088-A85E84797D6E}.Debug|x64.ActiveCfg = Debug|Any CPU
		{6C1CABE6-834D-48AE-A088-A85E84797D6E}.Debug|x64.Build.0 = Debug|Any CPU
		{6C1CABE6-834D-48AE-A088-A85E84797D6E}.Debug|x86.ActiveCfg = Debug|Any CPU
		{6C1CABE6-834D-48AE-A088-A85E84797D6E}.Debug|x86.Build.0 = Debug|Any CPU
		{6C1CABE6-834D-48AE-A088-A85E84797D6E}.Release|Any CPU.ActiveCfg = Release|Any CPU
		{6C1CABE6-834D-48AE-A088-A85E84797D6E}.Release|Any CPU.Build.0 = Release|Any CPU
		{6C1CABE6-834D-48AE-A088-A85E84797D6E}.Release|x64.ActiveCfg = Release|Any CPU
		{6C1CABE6-834D-48AE-A088-A85E84797D6E}.Release|x64.Build.0 = Release|Any CPU
		{6C1CABE6-834D-48AE-A088-A85E84797D6E}.Release|x86.ActiveCfg = Release|Any CPU
		{6C1CABE6-834D-48AE-A088-A85E84797D6E}.Release|x86.Build.0 = Release|Any CPU
		{251701D0-DBD8-4A05-8369-67CB14BD09A7}.Debug|Any CPU.ActiveCfg = Debug|Any CPU
		{251701D0-DBD8-4A05-8369-67CB14BD09A7}.Debug|Any CPU.Build.0 = Debug|Any CPU
		{251701D0-DBD8-4A05-8369-67CB14BD09A7}.Debug|x64.ActiveCfg = Debug|Any CPU
		{251701D0-DBD8-4A05-8369-67CB14BD09A7}.Debug|x64.Build.0 = Debug|Any CPU
		{251701D0-DBD8-4A05-8369-67CB14BD09A7}.Debug|x86.ActiveCfg = Debug|Any CPU
		{251701D0-DBD8-4A05-8369-67CB14BD09A7}.Debug|x86.Build.0 = Debug|Any CPU
		{251701D0-DBD8-4A05-8369-67CB14BD09A7}.Release|Any CPU.ActiveCfg = Release|Any CPU
		{251701D0-DBD8-4A05-8369-67CB14BD09A7}.Release|Any CPU.Build.0 = Release|Any CPU
		{251701D0-DBD8-4A05-8369-67CB14BD09A7}.Release|x64.ActiveCfg = Release|Any CPU
		{251701D0-DBD8-4A05-8369-67CB14BD09A7}.Release|x64.Build.0 = Release|Any CPU
		{251701D0-DBD8-4A05-8369-67CB14BD09A7}.Release|x86.ActiveCfg = Release|Any CPU
		{251701D0-DBD8-4A05-8369-67CB14BD09A7}.Release|x86.Build.0 = Release|Any CPU
		{9D371146-B306-4EB6-A3C8-9941A9C11974}.Debug|Any CPU.ActiveCfg = Debug|Any CPU
		{9D371146-B306-4EB6-A3C8-9941A9C11974}.Debug|Any CPU.Build.0 = Debug|Any CPU
		{9D371146-B306-4EB6-A3C8-9941A9C11974}.Debug|x64.ActiveCfg = Debug|Any CPU
		{9D371146-B306-4EB6-A3C8-9941A9C11974}.Debug|x64.Build.0 = Debug|Any CPU
		{9D371146-B306-4EB6-A3C8-9941A9C11974}.Debug|x86.ActiveCfg = Debug|Any CPU
		{9D371146-B306-4EB6-A3C8-9941A9C11974}.Debug|x86.Build.0 = Debug|Any CPU
		{9D371146-B306-4EB6-A3C8-9941A9C11974}.Release|Any CPU.ActiveCfg = Release|Any CPU
		{9D371146-B306-4EB6-A3C8-9941A9C11974}.Release|Any CPU.Build.0 = Release|Any CPU
		{9D371146-B306-4EB6-A3C8-9941A9C11974}.Release|x64.ActiveCfg = Release|Any CPU
		{9D371146-B306-4EB6-A3C8-9941A9C11974}.Release|x64.Build.0 = Release|Any CPU
		{9D371146-B306-4EB6-A3C8-9941A9C11974}.Release|x86.ActiveCfg = Release|Any CPU
		{9D371146-B306-4EB6-A3C8-9941A9C11974}.Release|x86.Build.0 = Release|Any CPU
		{7D016203-F357-4C78-A3C7-80A15E1F3ED7}.Debug|Any CPU.ActiveCfg = Debug|Any CPU
		{7D016203-F357-4C78-A3C7-80A15E1F3ED7}.Debug|Any CPU.Build.0 = Debug|Any CPU
		{7D016203-F357-4C78-A3C7-80A15E1F3ED7}.Debug|x64.ActiveCfg = Debug|Any CPU
		{7D016203-F357-4C78-A3C7-80A15E1F3ED7}.Debug|x64.Build.0 = Debug|Any CPU
		{7D016203-F357-4C78-A3C7-80A15E1F3ED7}.Debug|x86.ActiveCfg = Debug|Any CPU
		{7D016203-F357-4C78-A3C7-80A15E1F3ED7}.Debug|x86.Build.0 = Debug|Any CPU
		{7D016203-F357-4C78-A3C7-80A15E1F3ED7}.Release|Any CPU.ActiveCfg = Release|Any CPU
		{7D016203-F357-4C78-A3C7-80A15E1F3ED7}.Release|Any CPU.Build.0 = Release|Any CPU
		{7D016203-F357-4C78-A3C7-80A15E1F3ED7}.Release|x64.ActiveCfg = Release|Any CPU
		{7D016203-F357-4C78-A3C7-80A15E1F3ED7}.Release|x64.Build.0 = Release|Any CPU
		{7D016203-F357-4C78-A3C7-80A15E1F3ED7}.Release|x86.ActiveCfg = Release|Any CPU
		{7D016203-F357-4C78-A3C7-80A15E1F3ED7}.Release|x86.Build.0 = Release|Any CPU
		{A7EDE329-7AD0-4FFF-AA0C-BB45E1CA5E30}.Debug|Any CPU.ActiveCfg = Debug|Any CPU
		{A7EDE329-7AD0-4FFF-AA0C-BB45E1CA5E30}.Debug|Any CPU.Build.0 = Debug|Any CPU
		{A7EDE329-7AD0-4FFF-AA0C-BB45E1CA5E30}.Debug|x64.ActiveCfg = Debug|Any CPU
		{A7EDE329-7AD0-4FFF-AA0C-BB45E1CA5E30}.Debug|x64.Build.0 = Debug|Any CPU
		{A7EDE329-7AD0-4FFF-AA0C-BB45E1CA5E30}.Debug|x86.ActiveCfg = Debug|Any CPU
		{A7EDE329-7AD0-4FFF-AA0C-BB45E1CA5E30}.Debug|x86.Build.0 = Debug|Any CPU
		{A7EDE329-7AD0-4FFF-AA0C-BB45E1CA5E30}.Release|Any CPU.ActiveCfg = Release|Any CPU
		{A7EDE329-7AD0-4FFF-AA0C-BB45E1CA5E30}.Release|Any CPU.Build.0 = Release|Any CPU
		{A7EDE329-7AD0-4FFF-AA0C-BB45E1CA5E30}.Release|x64.ActiveCfg = Release|Any CPU
		{A7EDE329-7AD0-4FFF-AA0C-BB45E1CA5E30}.Release|x64.Build.0 = Release|Any CPU
		{A7EDE329-7AD0-4FFF-AA0C-BB45E1CA5E30}.Release|x86.ActiveCfg = Release|Any CPU
		{A7EDE329-7AD0-4FFF-AA0C-BB45E1CA5E30}.Release|x86.Build.0 = Release|Any CPU
		{0B458FA3-B139-4DD3-8412-2DBC89DDD025}.Debug|Any CPU.ActiveCfg = Debug|Any CPU
		{0B458FA3-B139-4DD3-8412-2DBC89DDD025}.Debug|Any CPU.Build.0 = Debug|Any CPU
		{0B458FA3-B139-4DD3-8412-2DBC89DDD025}.Debug|x64.ActiveCfg = Debug|Any CPU
		{0B458FA3-B139-4DD3-8412-2DBC89DDD025}.Debug|x64.Build.0 = Debug|Any CPU
		{0B458FA3-B139-4DD3-8412-2DBC89DDD025}.Debug|x86.ActiveCfg = Debug|Any CPU
		{0B458FA3-B139-4DD3-8412-2DBC89DDD025}.Debug|x86.Build.0 = Debug|Any CPU
		{0B458FA3-B139-4DD3-8412-2DBC89DDD025}.Release|Any CPU.ActiveCfg = Release|Any CPU
		{0B458FA3-B139-4DD3-8412-2DBC89DDD025}.Release|Any CPU.Build.0 = Release|Any CPU
		{0B458FA3-B139-4DD3-8412-2DBC89DDD025}.Release|x64.ActiveCfg = Release|Any CPU
		{0B458FA3-B139-4DD3-8412-2DBC89DDD025}.Release|x64.Build.0 = Release|Any CPU
		{0B458FA3-B139-4DD3-8412-2DBC89DDD025}.Release|x86.ActiveCfg = Release|Any CPU
		{0B458FA3-B139-4DD3-8412-2DBC89DDD025}.Release|x86.Build.0 = Release|Any CPU
		{0DCCBFD7-87DC-4548-9023-5B90FA429D4C}.Debug|Any CPU.ActiveCfg = Debug|Any CPU
		{0DCCBFD7-87DC-4548-9023-5B90FA429D4C}.Debug|Any CPU.Build.0 = Debug|Any CPU
		{0DCCBFD7-87DC-4548-9023-5B90FA429D4C}.Debug|x64.ActiveCfg = Debug|Any CPU
		{0DCCBFD7-87DC-4548-9023-5B90FA429D4C}.Debug|x64.Build.0 = Debug|Any CPU
		{0DCCBFD7-87DC-4548-9023-5B90FA429D4C}.Debug|x86.ActiveCfg = Debug|Any CPU
		{0DCCBFD7-87DC-4548-9023-5B90FA429D4C}.Debug|x86.Build.0 = Debug|Any CPU
		{0DCCBFD7-87DC-4548-9023-5B90FA429D4C}.Release|Any CPU.ActiveCfg = Release|Any CPU
		{0DCCBFD7-87DC-4548-9023-5B90FA429D4C}.Release|Any CPU.Build.0 = Release|Any CPU
		{0DCCBFD7-87DC-4548-9023-5B90FA429D4C}.Release|x64.ActiveCfg = Release|Any CPU
		{0DCCBFD7-87DC-4548-9023-5B90FA429D4C}.Release|x64.Build.0 = Release|Any CPU
		{0DCCBFD7-87DC-4548-9023-5B90FA429D4C}.Release|x86.ActiveCfg = Release|Any CPU
		{0DCCBFD7-87DC-4548-9023-5B90FA429D4C}.Release|x86.Build.0 = Release|Any CPU
		{B35B670F-EE18-4334-9F22-798F33EE5596}.Debug|Any CPU.ActiveCfg = Debug|Any CPU
		{B35B670F-EE18-4334-9F22-798F33EE5596}.Debug|Any CPU.Build.0 = Debug|Any CPU
		{B35B670F-EE18-4334-9F22-798F33EE5596}.Debug|x64.ActiveCfg = Debug|Any CPU
		{B35B670F-EE18-4334-9F22-798F33EE5596}.Debug|x64.Build.0 = Debug|Any CPU
		{B35B670F-EE18-4334-9F22-798F33EE5596}.Debug|x86.ActiveCfg = Debug|Any CPU
		{B35B670F-EE18-4334-9F22-798F33EE5596}.Debug|x86.Build.0 = Debug|Any CPU
		{B35B670F-EE18-4334-9F22-798F33EE5596}.Release|Any CPU.ActiveCfg = Release|Any CPU
		{B35B670F-EE18-4334-9F22-798F33EE5596}.Release|Any CPU.Build.0 = Release|Any CPU
		{B35B670F-EE18-4334-9F22-798F33EE5596}.Release|x64.ActiveCfg = Release|Any CPU
		{B35B670F-EE18-4334-9F22-798F33EE5596}.Release|x64.Build.0 = Release|Any CPU
		{B35B670F-EE18-4334-9F22-798F33EE5596}.Release|x86.ActiveCfg = Release|Any CPU
		{B35B670F-EE18-4334-9F22-798F33EE5596}.Release|x86.Build.0 = Release|Any CPU
		{21627062-1FFC-43FB-A289-F9840DAA5351}.Debug|Any CPU.ActiveCfg = Debug|Any CPU
		{21627062-1FFC-43FB-A289-F9840DAA5351}.Debug|Any CPU.Build.0 = Debug|Any CPU
		{21627062-1FFC-43FB-A289-F9840DAA5351}.Debug|x64.ActiveCfg = Debug|Any CPU
		{21627062-1FFC-43FB-A289-F9840DAA5351}.Debug|x64.Build.0 = Debug|Any CPU
		{21627062-1FFC-43FB-A289-F9840DAA5351}.Debug|x86.ActiveCfg = Debug|Any CPU
		{21627062-1FFC-43FB-A289-F9840DAA5351}.Debug|x86.Build.0 = Debug|Any CPU
		{21627062-1FFC-43FB-A289-F9840DAA5351}.Release|Any CPU.ActiveCfg = Release|Any CPU
		{21627062-1FFC-43FB-A289-F9840DAA5351}.Release|Any CPU.Build.0 = Release|Any CPU
		{21627062-1FFC-43FB-A289-F9840DAA5351}.Release|x64.ActiveCfg = Release|Any CPU
		{21627062-1FFC-43FB-A289-F9840DAA5351}.Release|x64.Build.0 = Release|Any CPU
		{21627062-1FFC-43FB-A289-F9840DAA5351}.Release|x86.ActiveCfg = Release|Any CPU
		{21627062-1FFC-43FB-A289-F9840DAA5351}.Release|x86.Build.0 = Release|Any CPU
		{7CC03CA6-F955-4CF5-BA09-45C462A554C8}.Debug|Any CPU.ActiveCfg = Debug|Any CPU
		{7CC03CA6-F955-4CF5-BA09-45C462A554C8}.Debug|Any CPU.Build.0 = Debug|Any CPU
		{7CC03CA6-F955-4CF5-BA09-45C462A554C8}.Debug|x64.ActiveCfg = Debug|Any CPU
		{7CC03CA6-F955-4CF5-BA09-45C462A554C8}.Debug|x64.Build.0 = Debug|Any CPU
		{7CC03CA6-F955-4CF5-BA09-45C462A554C8}.Debug|x86.ActiveCfg = Debug|Any CPU
		{7CC03CA6-F955-4CF5-BA09-45C462A554C8}.Debug|x86.Build.0 = Debug|Any CPU
		{7CC03CA6-F955-4CF5-BA09-45C462A554C8}.Release|Any CPU.ActiveCfg = Release|Any CPU
		{7CC03CA6-F955-4CF5-BA09-45C462A554C8}.Release|Any CPU.Build.0 = Release|Any CPU
		{7CC03CA6-F955-4CF5-BA09-45C462A554C8}.Release|x64.ActiveCfg = Release|Any CPU
		{7CC03CA6-F955-4CF5-BA09-45C462A554C8}.Release|x64.Build.0 = Release|Any CPU
		{7CC03CA6-F955-4CF5-BA09-45C462A554C8}.Release|x86.ActiveCfg = Release|Any CPU
		{7CC03CA6-F955-4CF5-BA09-45C462A554C8}.Release|x86.Build.0 = Release|Any CPU
		{38CD499E-E469-4C4B-AA1F-ED051CD90186}.Debug|Any CPU.ActiveCfg = Debug|Any CPU
		{38CD499E-E469-4C4B-AA1F-ED051CD90186}.Debug|Any CPU.Build.0 = Debug|Any CPU
		{38CD499E-E469-4C4B-AA1F-ED051CD90186}.Debug|x64.ActiveCfg = Debug|Any CPU
		{38CD499E-E469-4C4B-AA1F-ED051CD90186}.Debug|x64.Build.0 = Debug|Any CPU
		{38CD499E-E469-4C4B-AA1F-ED051CD90186}.Debug|x86.ActiveCfg = Debug|Any CPU
		{38CD499E-E469-4C4B-AA1F-ED051CD90186}.Debug|x86.Build.0 = Debug|Any CPU
		{38CD499E-E469-4C4B-AA1F-ED051CD90186}.Release|Any CPU.ActiveCfg = Release|Any CPU
		{38CD499E-E469-4C4B-AA1F-ED051CD90186}.Release|Any CPU.Build.0 = Release|Any CPU
		{38CD499E-E469-4C4B-AA1F-ED051CD90186}.Release|x64.ActiveCfg = Release|Any CPU
		{38CD499E-E469-4C4B-AA1F-ED051CD90186}.Release|x64.Build.0 = Release|Any CPU
		{38CD499E-E469-4C4B-AA1F-ED051CD90186}.Release|x86.ActiveCfg = Release|Any CPU
		{38CD499E-E469-4C4B-AA1F-ED051CD90186}.Release|x86.Build.0 = Release|Any CPU
		{698548D0-AA2F-4B12-85A8-761E0594D0A5}.Debug|Any CPU.ActiveCfg = Debug|Any CPU
		{698548D0-AA2F-4B12-85A8-761E0594D0A5}.Debug|Any CPU.Build.0 = Debug|Any CPU
		{698548D0-AA2F-4B12-85A8-761E0594D0A5}.Debug|x64.ActiveCfg = Debug|Any CPU
		{698548D0-AA2F-4B12-85A8-761E0594D0A5}.Debug|x64.Build.0 = Debug|Any CPU
		{698548D0-AA2F-4B12-85A8-761E0594D0A5}.Debug|x86.ActiveCfg = Debug|Any CPU
		{698548D0-AA2F-4B12-85A8-761E0594D0A5}.Debug|x86.Build.0 = Debug|Any CPU
		{698548D0-AA2F-4B12-85A8-761E0594D0A5}.Release|Any CPU.ActiveCfg = Release|Any CPU
		{698548D0-AA2F-4B12-85A8-761E0594D0A5}.Release|Any CPU.Build.0 = Release|Any CPU
		{698548D0-AA2F-4B12-85A8-761E0594D0A5}.Release|x64.ActiveCfg = Release|Any CPU
		{698548D0-AA2F-4B12-85A8-761E0594D0A5}.Release|x64.Build.0 = Release|Any CPU
		{698548D0-AA2F-4B12-85A8-761E0594D0A5}.Release|x86.ActiveCfg = Release|Any CPU
		{698548D0-AA2F-4B12-85A8-761E0594D0A5}.Release|x86.Build.0 = Release|Any CPU
		{D87B4ED5-B019-4C35-9824-390AA98F7EAA}.Debug|Any CPU.ActiveCfg = Debug|Any CPU
		{D87B4ED5-B019-4C35-9824-390AA98F7EAA}.Debug|Any CPU.Build.0 = Debug|Any CPU
		{D87B4ED5-B019-4C35-9824-390AA98F7EAA}.Debug|x64.ActiveCfg = Debug|Any CPU
		{D87B4ED5-B019-4C35-9824-390AA98F7EAA}.Debug|x64.Build.0 = Debug|Any CPU
		{D87B4ED5-B019-4C35-9824-390AA98F7EAA}.Debug|x86.ActiveCfg = Debug|Any CPU
		{D87B4ED5-B019-4C35-9824-390AA98F7EAA}.Debug|x86.Build.0 = Debug|Any CPU
		{D87B4ED5-B019-4C35-9824-390AA98F7EAA}.Release|Any CPU.ActiveCfg = Release|Any CPU
		{D87B4ED5-B019-4C35-9824-390AA98F7EAA}.Release|Any CPU.Build.0 = Release|Any CPU
		{D87B4ED5-B019-4C35-9824-390AA98F7EAA}.Release|x64.ActiveCfg = Release|Any CPU
		{D87B4ED5-B019-4C35-9824-390AA98F7EAA}.Release|x64.Build.0 = Release|Any CPU
		{D87B4ED5-B019-4C35-9824-390AA98F7EAA}.Release|x86.ActiveCfg = Release|Any CPU
		{D87B4ED5-B019-4C35-9824-390AA98F7EAA}.Release|x86.Build.0 = Release|Any CPU
		{55F86391-91BE-47B8-8105-128DF87AFE72}.Debug|Any CPU.ActiveCfg = Debug|Any CPU
		{55F86391-91BE-47B8-8105-128DF87AFE72}.Debug|Any CPU.Build.0 = Debug|Any CPU
		{55F86391-91BE-47B8-8105-128DF87AFE72}.Debug|x64.ActiveCfg = Debug|Any CPU
		{55F86391-91BE-47B8-8105-128DF87AFE72}.Debug|x64.Build.0 = Debug|Any CPU
		{55F86391-91BE-47B8-8105-128DF87AFE72}.Debug|x86.ActiveCfg = Debug|Any CPU
		{55F86391-91BE-47B8-8105-128DF87AFE72}.Debug|x86.Build.0 = Debug|Any CPU
		{55F86391-91BE-47B8-8105-128DF87AFE72}.Release|Any CPU.ActiveCfg = Release|Any CPU
		{55F86391-91BE-47B8-8105-128DF87AFE72}.Release|Any CPU.Build.0 = Release|Any CPU
		{55F86391-91BE-47B8-8105-128DF87AFE72}.Release|x64.ActiveCfg = Release|Any CPU
		{55F86391-91BE-47B8-8105-128DF87AFE72}.Release|x64.Build.0 = Release|Any CPU
		{55F86391-91BE-47B8-8105-128DF87AFE72}.Release|x86.ActiveCfg = Release|Any CPU
		{55F86391-91BE-47B8-8105-128DF87AFE72}.Release|x86.Build.0 = Release|Any CPU
		{B0FE2AD8-1858-459F-A309-55E417F65425}.Debug|Any CPU.ActiveCfg = Debug|Any CPU
		{B0FE2AD8-1858-459F-A309-55E417F65425}.Debug|Any CPU.Build.0 = Debug|Any CPU
		{B0FE2AD8-1858-459F-A309-55E417F65425}.Debug|x64.ActiveCfg = Debug|Any CPU
		{B0FE2AD8-1858-459F-A309-55E417F65425}.Debug|x64.Build.0 = Debug|Any CPU
		{B0FE2AD8-1858-459F-A309-55E417F65425}.Debug|x86.ActiveCfg = Debug|Any CPU
		{B0FE2AD8-1858-459F-A309-55E417F65425}.Debug|x86.Build.0 = Debug|Any CPU
		{B0FE2AD8-1858-459F-A309-55E417F65425}.Release|Any CPU.ActiveCfg = Release|Any CPU
		{B0FE2AD8-1858-459F-A309-55E417F65425}.Release|Any CPU.Build.0 = Release|Any CPU
		{B0FE2AD8-1858-459F-A309-55E417F65425}.Release|x64.ActiveCfg = Release|Any CPU
		{B0FE2AD8-1858-459F-A309-55E417F65425}.Release|x64.Build.0 = Release|Any CPU
		{B0FE2AD8-1858-459F-A309-55E417F65425}.Release|x86.ActiveCfg = Release|Any CPU
		{B0FE2AD8-1858-459F-A309-55E417F65425}.Release|x86.Build.0 = Release|Any CPU
		{06C3D9BC-FCF7-433D-A07A-512D3ADC7344}.Debug|Any CPU.ActiveCfg = Debug|Any CPU
		{06C3D9BC-FCF7-433D-A07A-512D3ADC7344}.Debug|Any CPU.Build.0 = Debug|Any CPU
		{06C3D9BC-FCF7-433D-A07A-512D3ADC7344}.Debug|x64.ActiveCfg = Debug|Any CPU
		{06C3D9BC-FCF7-433D-A07A-512D3ADC7344}.Debug|x64.Build.0 = Debug|Any CPU
		{06C3D9BC-FCF7-433D-A07A-512D3ADC7344}.Debug|x86.ActiveCfg = Debug|Any CPU
		{06C3D9BC-FCF7-433D-A07A-512D3ADC7344}.Debug|x86.Build.0 = Debug|Any CPU
		{06C3D9BC-FCF7-433D-A07A-512D3ADC7344}.Release|Any CPU.ActiveCfg = Release|Any CPU
		{06C3D9BC-FCF7-433D-A07A-512D3ADC7344}.Release|Any CPU.Build.0 = Release|Any CPU
		{06C3D9BC-FCF7-433D-A07A-512D3ADC7344}.Release|x64.ActiveCfg = Release|Any CPU
		{06C3D9BC-FCF7-433D-A07A-512D3ADC7344}.Release|x64.Build.0 = Release|Any CPU
		{06C3D9BC-FCF7-433D-A07A-512D3ADC7344}.Release|x86.ActiveCfg = Release|Any CPU
		{06C3D9BC-FCF7-433D-A07A-512D3ADC7344}.Release|x86.Build.0 = Release|Any CPU
		{41073D66-44F9-4210-9F58-7E3FD5A9C664}.Debug|Any CPU.ActiveCfg = Debug|Any CPU
		{41073D66-44F9-4210-9F58-7E3FD5A9C664}.Debug|Any CPU.Build.0 = Debug|Any CPU
		{41073D66-44F9-4210-9F58-7E3FD5A9C664}.Debug|x64.ActiveCfg = Debug|Any CPU
		{41073D66-44F9-4210-9F58-7E3FD5A9C664}.Debug|x64.Build.0 = Debug|Any CPU
		{41073D66-44F9-4210-9F58-7E3FD5A9C664}.Debug|x86.ActiveCfg = Debug|Any CPU
		{41073D66-44F9-4210-9F58-7E3FD5A9C664}.Debug|x86.Build.0 = Debug|Any CPU
		{41073D66-44F9-4210-9F58-7E3FD5A9C664}.Release|Any CPU.ActiveCfg = Release|Any CPU
		{41073D66-44F9-4210-9F58-7E3FD5A9C664}.Release|Any CPU.Build.0 = Release|Any CPU
		{41073D66-44F9-4210-9F58-7E3FD5A9C664}.Release|x64.ActiveCfg = Release|Any CPU
		{41073D66-44F9-4210-9F58-7E3FD5A9C664}.Release|x64.Build.0 = Release|Any CPU
		{41073D66-44F9-4210-9F58-7E3FD5A9C664}.Release|x86.ActiveCfg = Release|Any CPU
		{41073D66-44F9-4210-9F58-7E3FD5A9C664}.Release|x86.Build.0 = Release|Any CPU
		{1924CBCC-2277-4460-9D9F-221865D2E0B3}.Debug|Any CPU.ActiveCfg = Debug|Any CPU
		{1924CBCC-2277-4460-9D9F-221865D2E0B3}.Debug|Any CPU.Build.0 = Debug|Any CPU
		{1924CBCC-2277-4460-9D9F-221865D2E0B3}.Debug|x64.ActiveCfg = Debug|Any CPU
		{1924CBCC-2277-4460-9D9F-221865D2E0B3}.Debug|x64.Build.0 = Debug|Any CPU
		{1924CBCC-2277-4460-9D9F-221865D2E0B3}.Debug|x86.ActiveCfg = Debug|Any CPU
		{1924CBCC-2277-4460-9D9F-221865D2E0B3}.Debug|x86.Build.0 = Debug|Any CPU
		{1924CBCC-2277-4460-9D9F-221865D2E0B3}.Release|Any CPU.ActiveCfg = Release|Any CPU
		{1924CBCC-2277-4460-9D9F-221865D2E0B3}.Release|Any CPU.Build.0 = Release|Any CPU
		{1924CBCC-2277-4460-9D9F-221865D2E0B3}.Release|x64.ActiveCfg = Release|Any CPU
		{1924CBCC-2277-4460-9D9F-221865D2E0B3}.Release|x64.Build.0 = Release|Any CPU
		{1924CBCC-2277-4460-9D9F-221865D2E0B3}.Release|x86.ActiveCfg = Release|Any CPU
		{1924CBCC-2277-4460-9D9F-221865D2E0B3}.Release|x86.Build.0 = Release|Any CPU
		{01174B16-3E11-4163-B518-D2333F8E12BB}.Debug|Any CPU.ActiveCfg = Debug|Any CPU
		{01174B16-3E11-4163-B518-D2333F8E12BB}.Debug|Any CPU.Build.0 = Debug|Any CPU
		{01174B16-3E11-4163-B518-D2333F8E12BB}.Debug|x64.ActiveCfg = Debug|Any CPU
		{01174B16-3E11-4163-B518-D2333F8E12BB}.Debug|x64.Build.0 = Debug|Any CPU
		{01174B16-3E11-4163-B518-D2333F8E12BB}.Debug|x86.ActiveCfg = Debug|Any CPU
		{01174B16-3E11-4163-B518-D2333F8E12BB}.Debug|x86.Build.0 = Debug|Any CPU
		{01174B16-3E11-4163-B518-D2333F8E12BB}.Release|Any CPU.ActiveCfg = Release|Any CPU
		{01174B16-3E11-4163-B518-D2333F8E12BB}.Release|Any CPU.Build.0 = Release|Any CPU
		{01174B16-3E11-4163-B518-D2333F8E12BB}.Release|x64.ActiveCfg = Release|Any CPU
		{01174B16-3E11-4163-B518-D2333F8E12BB}.Release|x64.Build.0 = Release|Any CPU
		{01174B16-3E11-4163-B518-D2333F8E12BB}.Release|x86.ActiveCfg = Release|Any CPU
		{01174B16-3E11-4163-B518-D2333F8E12BB}.Release|x86.Build.0 = Release|Any CPU
		{9BCAE0DA-3E63-4831-8311-4921E2459FA4}.Debug|Any CPU.ActiveCfg = Debug|Any CPU
		{9BCAE0DA-3E63-4831-8311-4921E2459FA4}.Debug|Any CPU.Build.0 = Debug|Any CPU
		{9BCAE0DA-3E63-4831-8311-4921E2459FA4}.Debug|x64.ActiveCfg = Debug|Any CPU
		{9BCAE0DA-3E63-4831-8311-4921E2459FA4}.Debug|x64.Build.0 = Debug|Any CPU
		{9BCAE0DA-3E63-4831-8311-4921E2459FA4}.Debug|x86.ActiveCfg = Debug|Any CPU
		{9BCAE0DA-3E63-4831-8311-4921E2459FA4}.Debug|x86.Build.0 = Debug|Any CPU
		{9BCAE0DA-3E63-4831-8311-4921E2459FA4}.Release|Any CPU.ActiveCfg = Release|Any CPU
		{9BCAE0DA-3E63-4831-8311-4921E2459FA4}.Release|Any CPU.Build.0 = Release|Any CPU
		{9BCAE0DA-3E63-4831-8311-4921E2459FA4}.Release|x64.ActiveCfg = Release|Any CPU
		{9BCAE0DA-3E63-4831-8311-4921E2459FA4}.Release|x64.Build.0 = Release|Any CPU
		{9BCAE0DA-3E63-4831-8311-4921E2459FA4}.Release|x86.ActiveCfg = Release|Any CPU
		{9BCAE0DA-3E63-4831-8311-4921E2459FA4}.Release|x86.Build.0 = Release|Any CPU
		{26C3EAA1-49D4-4AF4-9708-DE35B0E86324}.Debug|Any CPU.ActiveCfg = Debug|Any CPU
		{26C3EAA1-49D4-4AF4-9708-DE35B0E86324}.Debug|Any CPU.Build.0 = Debug|Any CPU
		{26C3EAA1-49D4-4AF4-9708-DE35B0E86324}.Debug|x64.ActiveCfg = Debug|Any CPU
		{26C3EAA1-49D4-4AF4-9708-DE35B0E86324}.Debug|x64.Build.0 = Debug|Any CPU
		{26C3EAA1-49D4-4AF4-9708-DE35B0E86324}.Debug|x86.ActiveCfg = Debug|Any CPU
		{26C3EAA1-49D4-4AF4-9708-DE35B0E86324}.Debug|x86.Build.0 = Debug|Any CPU
		{26C3EAA1-49D4-4AF4-9708-DE35B0E86324}.Release|Any CPU.ActiveCfg = Release|Any CPU
		{26C3EAA1-49D4-4AF4-9708-DE35B0E86324}.Release|Any CPU.Build.0 = Release|Any CPU
		{26C3EAA1-49D4-4AF4-9708-DE35B0E86324}.Release|x64.ActiveCfg = Release|Any CPU
		{26C3EAA1-49D4-4AF4-9708-DE35B0E86324}.Release|x64.Build.0 = Release|Any CPU
		{26C3EAA1-49D4-4AF4-9708-DE35B0E86324}.Release|x86.ActiveCfg = Release|Any CPU
		{26C3EAA1-49D4-4AF4-9708-DE35B0E86324}.Release|x86.Build.0 = Release|Any CPU
		{03B82BAF-D0D5-4B90-9BB5-51EB1E11F9F6}.Debug|Any CPU.ActiveCfg = Debug|Any CPU
		{03B82BAF-D0D5-4B90-9BB5-51EB1E11F9F6}.Debug|Any CPU.Build.0 = Debug|Any CPU
		{03B82BAF-D0D5-4B90-9BB5-51EB1E11F9F6}.Debug|x64.ActiveCfg = Debug|Any CPU
		{03B82BAF-D0D5-4B90-9BB5-51EB1E11F9F6}.Debug|x64.Build.0 = Debug|Any CPU
		{03B82BAF-D0D5-4B90-9BB5-51EB1E11F9F6}.Debug|x86.ActiveCfg = Debug|Any CPU
		{03B82BAF-D0D5-4B90-9BB5-51EB1E11F9F6}.Debug|x86.Build.0 = Debug|Any CPU
		{03B82BAF-D0D5-4B90-9BB5-51EB1E11F9F6}.Release|Any CPU.ActiveCfg = Release|Any CPU
		{03B82BAF-D0D5-4B90-9BB5-51EB1E11F9F6}.Release|Any CPU.Build.0 = Release|Any CPU
		{03B82BAF-D0D5-4B90-9BB5-51EB1E11F9F6}.Release|x64.ActiveCfg = Release|Any CPU
		{03B82BAF-D0D5-4B90-9BB5-51EB1E11F9F6}.Release|x64.Build.0 = Release|Any CPU
		{03B82BAF-D0D5-4B90-9BB5-51EB1E11F9F6}.Release|x86.ActiveCfg = Release|Any CPU
		{03B82BAF-D0D5-4B90-9BB5-51EB1E11F9F6}.Release|x86.Build.0 = Release|Any CPU
		{443C850A-FE1B-4452-B32D-36CCDFFC0E09}.Debug|Any CPU.ActiveCfg = Debug|Any CPU
		{443C850A-FE1B-4452-B32D-36CCDFFC0E09}.Debug|Any CPU.Build.0 = Debug|Any CPU
		{443C850A-FE1B-4452-B32D-36CCDFFC0E09}.Debug|x64.ActiveCfg = Debug|Any CPU
		{443C850A-FE1B-4452-B32D-36CCDFFC0E09}.Debug|x64.Build.0 = Debug|Any CPU
		{443C850A-FE1B-4452-B32D-36CCDFFC0E09}.Debug|x86.ActiveCfg = Debug|Any CPU
		{443C850A-FE1B-4452-B32D-36CCDFFC0E09}.Debug|x86.Build.0 = Debug|Any CPU
		{443C850A-FE1B-4452-B32D-36CCDFFC0E09}.Release|Any CPU.ActiveCfg = Release|Any CPU
		{443C850A-FE1B-4452-B32D-36CCDFFC0E09}.Release|Any CPU.Build.0 = Release|Any CPU
		{443C850A-FE1B-4452-B32D-36CCDFFC0E09}.Release|x64.ActiveCfg = Release|Any CPU
		{443C850A-FE1B-4452-B32D-36CCDFFC0E09}.Release|x64.Build.0 = Release|Any CPU
		{443C850A-FE1B-4452-B32D-36CCDFFC0E09}.Release|x86.ActiveCfg = Release|Any CPU
		{443C850A-FE1B-4452-B32D-36CCDFFC0E09}.Release|x86.Build.0 = Release|Any CPU
		{B91D5024-D72B-4C46-BCE9-E46BC3BF3D19}.Debug|Any CPU.ActiveCfg = Debug|Any CPU
		{B91D5024-D72B-4C46-BCE9-E46BC3BF3D19}.Debug|Any CPU.Build.0 = Debug|Any CPU
		{B91D5024-D72B-4C46-BCE9-E46BC3BF3D19}.Debug|x64.ActiveCfg = Debug|Any CPU
		{B91D5024-D72B-4C46-BCE9-E46BC3BF3D19}.Debug|x64.Build.0 = Debug|Any CPU
		{B91D5024-D72B-4C46-BCE9-E46BC3BF3D19}.Debug|x86.ActiveCfg = Debug|Any CPU
		{B91D5024-D72B-4C46-BCE9-E46BC3BF3D19}.Debug|x86.Build.0 = Debug|Any CPU
		{B91D5024-D72B-4C46-BCE9-E46BC3BF3D19}.Release|Any CPU.ActiveCfg = Release|Any CPU
		{B91D5024-D72B-4C46-BCE9-E46BC3BF3D19}.Release|Any CPU.Build.0 = Release|Any CPU
		{B91D5024-D72B-4C46-BCE9-E46BC3BF3D19}.Release|x64.ActiveCfg = Release|Any CPU
		{B91D5024-D72B-4C46-BCE9-E46BC3BF3D19}.Release|x64.Build.0 = Release|Any CPU
		{B91D5024-D72B-4C46-BCE9-E46BC3BF3D19}.Release|x86.ActiveCfg = Release|Any CPU
		{B91D5024-D72B-4C46-BCE9-E46BC3BF3D19}.Release|x86.Build.0 = Release|Any CPU
		{646261FF-8F9B-43F9-A5CF-F4E2BAB8568D}.Debug|Any CPU.ActiveCfg = Debug|Any CPU
		{646261FF-8F9B-43F9-A5CF-F4E2BAB8568D}.Debug|Any CPU.Build.0 = Debug|Any CPU
		{646261FF-8F9B-43F9-A5CF-F4E2BAB8568D}.Debug|x64.ActiveCfg = Debug|Any CPU
		{646261FF-8F9B-43F9-A5CF-F4E2BAB8568D}.Debug|x64.Build.0 = Debug|Any CPU
		{646261FF-8F9B-43F9-A5CF-F4E2BAB8568D}.Debug|x86.ActiveCfg = Debug|Any CPU
		{646261FF-8F9B-43F9-A5CF-F4E2BAB8568D}.Debug|x86.Build.0 = Debug|Any CPU
		{646261FF-8F9B-43F9-A5CF-F4E2BAB8568D}.Release|Any CPU.ActiveCfg = Release|Any CPU
		{646261FF-8F9B-43F9-A5CF-F4E2BAB8568D}.Release|Any CPU.Build.0 = Release|Any CPU
		{646261FF-8F9B-43F9-A5CF-F4E2BAB8568D}.Release|x64.ActiveCfg = Release|Any CPU
		{646261FF-8F9B-43F9-A5CF-F4E2BAB8568D}.Release|x64.Build.0 = Release|Any CPU
		{646261FF-8F9B-43F9-A5CF-F4E2BAB8568D}.Release|x86.ActiveCfg = Release|Any CPU
		{646261FF-8F9B-43F9-A5CF-F4E2BAB8568D}.Release|x86.Build.0 = Release|Any CPU
		{63286BC5-AC6C-4F03-847D-51B32EFDDC02}.Debug|Any CPU.ActiveCfg = Debug|Any CPU
		{63286BC5-AC6C-4F03-847D-51B32EFDDC02}.Debug|Any CPU.Build.0 = Debug|Any CPU
		{63286BC5-AC6C-4F03-847D-51B32EFDDC02}.Debug|x64.ActiveCfg = Debug|Any CPU
		{63286BC5-AC6C-4F03-847D-51B32EFDDC02}.Debug|x64.Build.0 = Debug|Any CPU
		{63286BC5-AC6C-4F03-847D-51B32EFDDC02}.Debug|x86.ActiveCfg = Debug|Any CPU
		{63286BC5-AC6C-4F03-847D-51B32EFDDC02}.Debug|x86.Build.0 = Debug|Any CPU
		{63286BC5-AC6C-4F03-847D-51B32EFDDC02}.Release|Any CPU.ActiveCfg = Release|Any CPU
		{63286BC5-AC6C-4F03-847D-51B32EFDDC02}.Release|Any CPU.Build.0 = Release|Any CPU
		{63286BC5-AC6C-4F03-847D-51B32EFDDC02}.Release|x64.ActiveCfg = Release|Any CPU
		{63286BC5-AC6C-4F03-847D-51B32EFDDC02}.Release|x64.Build.0 = Release|Any CPU
		{63286BC5-AC6C-4F03-847D-51B32EFDDC02}.Release|x86.ActiveCfg = Release|Any CPU
		{63286BC5-AC6C-4F03-847D-51B32EFDDC02}.Release|x86.Build.0 = Release|Any CPU
		{0F31814A-4623-4691-AF49-BEBADE4E95D8}.Debug|Any CPU.ActiveCfg = Debug|Any CPU
		{0F31814A-4623-4691-AF49-BEBADE4E95D8}.Debug|Any CPU.Build.0 = Debug|Any CPU
		{0F31814A-4623-4691-AF49-BEBADE4E95D8}.Debug|x64.ActiveCfg = Debug|Any CPU
		{0F31814A-4623-4691-AF49-BEBADE4E95D8}.Debug|x64.Build.0 = Debug|Any CPU
		{0F31814A-4623-4691-AF49-BEBADE4E95D8}.Debug|x86.ActiveCfg = Debug|Any CPU
		{0F31814A-4623-4691-AF49-BEBADE4E95D8}.Debug|x86.Build.0 = Debug|Any CPU
		{0F31814A-4623-4691-AF49-BEBADE4E95D8}.Release|Any CPU.ActiveCfg = Release|Any CPU
		{0F31814A-4623-4691-AF49-BEBADE4E95D8}.Release|Any CPU.Build.0 = Release|Any CPU
		{0F31814A-4623-4691-AF49-BEBADE4E95D8}.Release|x64.ActiveCfg = Release|Any CPU
		{0F31814A-4623-4691-AF49-BEBADE4E95D8}.Release|x64.Build.0 = Release|Any CPU
		{0F31814A-4623-4691-AF49-BEBADE4E95D8}.Release|x86.ActiveCfg = Release|Any CPU
		{0F31814A-4623-4691-AF49-BEBADE4E95D8}.Release|x86.Build.0 = Release|Any CPU
		{40797BD5-FB56-4847-9738-4DBC69183813}.Debug|Any CPU.ActiveCfg = Debug|Any CPU
		{40797BD5-FB56-4847-9738-4DBC69183813}.Debug|Any CPU.Build.0 = Debug|Any CPU
		{40797BD5-FB56-4847-9738-4DBC69183813}.Debug|x64.ActiveCfg = Debug|Any CPU
		{40797BD5-FB56-4847-9738-4DBC69183813}.Debug|x64.Build.0 = Debug|Any CPU
		{40797BD5-FB56-4847-9738-4DBC69183813}.Debug|x86.ActiveCfg = Debug|Any CPU
		{40797BD5-FB56-4847-9738-4DBC69183813}.Debug|x86.Build.0 = Debug|Any CPU
		{40797BD5-FB56-4847-9738-4DBC69183813}.Release|Any CPU.ActiveCfg = Release|Any CPU
		{40797BD5-FB56-4847-9738-4DBC69183813}.Release|Any CPU.Build.0 = Release|Any CPU
		{40797BD5-FB56-4847-9738-4DBC69183813}.Release|x64.ActiveCfg = Release|Any CPU
		{40797BD5-FB56-4847-9738-4DBC69183813}.Release|x64.Build.0 = Release|Any CPU
		{40797BD5-FB56-4847-9738-4DBC69183813}.Release|x86.ActiveCfg = Release|Any CPU
		{40797BD5-FB56-4847-9738-4DBC69183813}.Release|x86.Build.0 = Release|Any CPU
		{630C8DD4-E1E6-40F6-8CC1-6893E174749E}.Debug|Any CPU.ActiveCfg = Debug|Any CPU
		{630C8DD4-E1E6-40F6-8CC1-6893E174749E}.Debug|Any CPU.Build.0 = Debug|Any CPU
		{630C8DD4-E1E6-40F6-8CC1-6893E174749E}.Debug|x64.ActiveCfg = Debug|Any CPU
		{630C8DD4-E1E6-40F6-8CC1-6893E174749E}.Debug|x64.Build.0 = Debug|Any CPU
		{630C8DD4-E1E6-40F6-8CC1-6893E174749E}.Debug|x86.ActiveCfg = Debug|Any CPU
		{630C8DD4-E1E6-40F6-8CC1-6893E174749E}.Debug|x86.Build.0 = Debug|Any CPU
		{630C8DD4-E1E6-40F6-8CC1-6893E174749E}.Release|Any CPU.ActiveCfg = Release|Any CPU
		{630C8DD4-E1E6-40F6-8CC1-6893E174749E}.Release|Any CPU.Build.0 = Release|Any CPU
		{630C8DD4-E1E6-40F6-8CC1-6893E174749E}.Release|x64.ActiveCfg = Release|Any CPU
		{630C8DD4-E1E6-40F6-8CC1-6893E174749E}.Release|x64.Build.0 = Release|Any CPU
		{630C8DD4-E1E6-40F6-8CC1-6893E174749E}.Release|x86.ActiveCfg = Release|Any CPU
		{630C8DD4-E1E6-40F6-8CC1-6893E174749E}.Release|x86.Build.0 = Release|Any CPU
		{4A86266F-41E6-4B96-8511-55FA4701BF42}.Debug|Any CPU.ActiveCfg = Debug|Any CPU
		{4A86266F-41E6-4B96-8511-55FA4701BF42}.Debug|Any CPU.Build.0 = Debug|Any CPU
		{4A86266F-41E6-4B96-8511-55FA4701BF42}.Debug|x64.ActiveCfg = Debug|Any CPU
		{4A86266F-41E6-4B96-8511-55FA4701BF42}.Debug|x64.Build.0 = Debug|Any CPU
		{4A86266F-41E6-4B96-8511-55FA4701BF42}.Debug|x86.ActiveCfg = Debug|Any CPU
		{4A86266F-41E6-4B96-8511-55FA4701BF42}.Debug|x86.Build.0 = Debug|Any CPU
		{4A86266F-41E6-4B96-8511-55FA4701BF42}.Release|Any CPU.ActiveCfg = Release|Any CPU
		{4A86266F-41E6-4B96-8511-55FA4701BF42}.Release|Any CPU.Build.0 = Release|Any CPU
		{4A86266F-41E6-4B96-8511-55FA4701BF42}.Release|x64.ActiveCfg = Release|Any CPU
		{4A86266F-41E6-4B96-8511-55FA4701BF42}.Release|x64.Build.0 = Release|Any CPU
		{4A86266F-41E6-4B96-8511-55FA4701BF42}.Release|x86.ActiveCfg = Release|Any CPU
		{4A86266F-41E6-4B96-8511-55FA4701BF42}.Release|x86.Build.0 = Release|Any CPU
		{F65E9F31-1794-42E4-974A-9F74B8F27350}.Debug|Any CPU.ActiveCfg = Debug|Any CPU
		{F65E9F31-1794-42E4-974A-9F74B8F27350}.Debug|Any CPU.Build.0 = Debug|Any CPU
		{F65E9F31-1794-42E4-974A-9F74B8F27350}.Debug|x64.ActiveCfg = Debug|Any CPU
		{F65E9F31-1794-42E4-974A-9F74B8F27350}.Debug|x64.Build.0 = Debug|Any CPU
		{F65E9F31-1794-42E4-974A-9F74B8F27350}.Debug|x86.ActiveCfg = Debug|Any CPU
		{F65E9F31-1794-42E4-974A-9F74B8F27350}.Debug|x86.Build.0 = Debug|Any CPU
		{F65E9F31-1794-42E4-974A-9F74B8F27350}.Release|Any CPU.ActiveCfg = Release|Any CPU
		{F65E9F31-1794-42E4-974A-9F74B8F27350}.Release|Any CPU.Build.0 = Release|Any CPU
		{F65E9F31-1794-42E4-974A-9F74B8F27350}.Release|x64.ActiveCfg = Release|Any CPU
		{F65E9F31-1794-42E4-974A-9F74B8F27350}.Release|x64.Build.0 = Release|Any CPU
		{F65E9F31-1794-42E4-974A-9F74B8F27350}.Release|x86.ActiveCfg = Release|Any CPU
		{F65E9F31-1794-42E4-974A-9F74B8F27350}.Release|x86.Build.0 = Release|Any CPU
		{73F5C29F-4933-44DF-B8B5-36EEAFC22EBD}.Debug|Any CPU.ActiveCfg = Debug|Any CPU
		{73F5C29F-4933-44DF-B8B5-36EEAFC22EBD}.Debug|Any CPU.Build.0 = Debug|Any CPU
		{73F5C29F-4933-44DF-B8B5-36EEAFC22EBD}.Debug|x64.ActiveCfg = Debug|Any CPU
		{73F5C29F-4933-44DF-B8B5-36EEAFC22EBD}.Debug|x64.Build.0 = Debug|Any CPU
		{73F5C29F-4933-44DF-B8B5-36EEAFC22EBD}.Debug|x86.ActiveCfg = Debug|Any CPU
		{73F5C29F-4933-44DF-B8B5-36EEAFC22EBD}.Debug|x86.Build.0 = Debug|Any CPU
		{73F5C29F-4933-44DF-B8B5-36EEAFC22EBD}.Release|Any CPU.ActiveCfg = Release|Any CPU
		{73F5C29F-4933-44DF-B8B5-36EEAFC22EBD}.Release|Any CPU.Build.0 = Release|Any CPU
		{73F5C29F-4933-44DF-B8B5-36EEAFC22EBD}.Release|x64.ActiveCfg = Release|Any CPU
		{73F5C29F-4933-44DF-B8B5-36EEAFC22EBD}.Release|x64.Build.0 = Release|Any CPU
		{73F5C29F-4933-44DF-B8B5-36EEAFC22EBD}.Release|x86.ActiveCfg = Release|Any CPU
		{73F5C29F-4933-44DF-B8B5-36EEAFC22EBD}.Release|x86.Build.0 = Release|Any CPU
		{6D1ECE3D-14F4-44ED-B7F7-AE045BE157D6}.Debug|Any CPU.ActiveCfg = Debug|Any CPU
		{6D1ECE3D-14F4-44ED-B7F7-AE045BE157D6}.Debug|Any CPU.Build.0 = Debug|Any CPU
		{6D1ECE3D-14F4-44ED-B7F7-AE045BE157D6}.Debug|x64.ActiveCfg = Debug|Any CPU
		{6D1ECE3D-14F4-44ED-B7F7-AE045BE157D6}.Debug|x64.Build.0 = Debug|Any CPU
		{6D1ECE3D-14F4-44ED-B7F7-AE045BE157D6}.Debug|x86.ActiveCfg = Debug|Any CPU
		{6D1ECE3D-14F4-44ED-B7F7-AE045BE157D6}.Debug|x86.Build.0 = Debug|Any CPU
		{6D1ECE3D-14F4-44ED-B7F7-AE045BE157D6}.Release|Any CPU.ActiveCfg = Release|Any CPU
		{6D1ECE3D-14F4-44ED-B7F7-AE045BE157D6}.Release|Any CPU.Build.0 = Release|Any CPU
		{6D1ECE3D-14F4-44ED-B7F7-AE045BE157D6}.Release|x64.ActiveCfg = Release|Any CPU
		{6D1ECE3D-14F4-44ED-B7F7-AE045BE157D6}.Release|x64.Build.0 = Release|Any CPU
		{6D1ECE3D-14F4-44ED-B7F7-AE045BE157D6}.Release|x86.ActiveCfg = Release|Any CPU
		{6D1ECE3D-14F4-44ED-B7F7-AE045BE157D6}.Release|x86.Build.0 = Release|Any CPU
		{CA4CB275-A4EB-4F09-89E5-87D11313FAAE}.Debug|Any CPU.ActiveCfg = Debug|Any CPU
		{CA4CB275-A4EB-4F09-89E5-87D11313FAAE}.Debug|Any CPU.Build.0 = Debug|Any CPU
		{CA4CB275-A4EB-4F09-89E5-87D11313FAAE}.Debug|x64.ActiveCfg = Debug|Any CPU
		{CA4CB275-A4EB-4F09-89E5-87D11313FAAE}.Debug|x64.Build.0 = Debug|Any CPU
		{CA4CB275-A4EB-4F09-89E5-87D11313FAAE}.Debug|x86.ActiveCfg = Debug|Any CPU
		{CA4CB275-A4EB-4F09-89E5-87D11313FAAE}.Debug|x86.Build.0 = Debug|Any CPU
		{CA4CB275-A4EB-4F09-89E5-87D11313FAAE}.Release|Any CPU.ActiveCfg = Release|Any CPU
		{CA4CB275-A4EB-4F09-89E5-87D11313FAAE}.Release|Any CPU.Build.0 = Release|Any CPU
		{CA4CB275-A4EB-4F09-89E5-87D11313FAAE}.Release|x64.ActiveCfg = Release|Any CPU
		{CA4CB275-A4EB-4F09-89E5-87D11313FAAE}.Release|x64.Build.0 = Release|Any CPU
		{CA4CB275-A4EB-4F09-89E5-87D11313FAAE}.Release|x86.ActiveCfg = Release|Any CPU
		{CA4CB275-A4EB-4F09-89E5-87D11313FAAE}.Release|x86.Build.0 = Release|Any CPU
		{2191BCF5-8615-4C68-B821-BF9A5E7358C4}.Debug|Any CPU.ActiveCfg = Debug|Any CPU
		{2191BCF5-8615-4C68-B821-BF9A5E7358C4}.Debug|Any CPU.Build.0 = Debug|Any CPU
		{2191BCF5-8615-4C68-B821-BF9A5E7358C4}.Debug|x64.ActiveCfg = Debug|Any CPU
		{2191BCF5-8615-4C68-B821-BF9A5E7358C4}.Debug|x64.Build.0 = Debug|Any CPU
		{2191BCF5-8615-4C68-B821-BF9A5E7358C4}.Debug|x86.ActiveCfg = Debug|Any CPU
		{2191BCF5-8615-4C68-B821-BF9A5E7358C4}.Debug|x86.Build.0 = Debug|Any CPU
		{2191BCF5-8615-4C68-B821-BF9A5E7358C4}.Release|Any CPU.ActiveCfg = Release|Any CPU
		{2191BCF5-8615-4C68-B821-BF9A5E7358C4}.Release|Any CPU.Build.0 = Release|Any CPU
		{2191BCF5-8615-4C68-B821-BF9A5E7358C4}.Release|x64.ActiveCfg = Release|Any CPU
		{2191BCF5-8615-4C68-B821-BF9A5E7358C4}.Release|x64.Build.0 = Release|Any CPU
		{2191BCF5-8615-4C68-B821-BF9A5E7358C4}.Release|x86.ActiveCfg = Release|Any CPU
		{2191BCF5-8615-4C68-B821-BF9A5E7358C4}.Release|x86.Build.0 = Release|Any CPU
		{BE5F497A-31B1-4A84-AE05-60F167142D90}.Debug|Any CPU.ActiveCfg = Debug|Any CPU
		{BE5F497A-31B1-4A84-AE05-60F167142D90}.Debug|Any CPU.Build.0 = Debug|Any CPU
		{BE5F497A-31B1-4A84-AE05-60F167142D90}.Debug|x64.ActiveCfg = Debug|Any CPU
		{BE5F497A-31B1-4A84-AE05-60F167142D90}.Debug|x64.Build.0 = Debug|Any CPU
		{BE5F497A-31B1-4A84-AE05-60F167142D90}.Debug|x86.ActiveCfg = Debug|Any CPU
		{BE5F497A-31B1-4A84-AE05-60F167142D90}.Debug|x86.Build.0 = Debug|Any CPU
		{BE5F497A-31B1-4A84-AE05-60F167142D90}.Release|Any CPU.ActiveCfg = Release|Any CPU
		{BE5F497A-31B1-4A84-AE05-60F167142D90}.Release|Any CPU.Build.0 = Release|Any CPU
		{BE5F497A-31B1-4A84-AE05-60F167142D90}.Release|x64.ActiveCfg = Release|Any CPU
		{BE5F497A-31B1-4A84-AE05-60F167142D90}.Release|x64.Build.0 = Release|Any CPU
		{BE5F497A-31B1-4A84-AE05-60F167142D90}.Release|x86.ActiveCfg = Release|Any CPU
		{BE5F497A-31B1-4A84-AE05-60F167142D90}.Release|x86.Build.0 = Release|Any CPU
		{6B52CCEE-02A0-487B-829C-C8B913CFC333}.Debug|Any CPU.ActiveCfg = Debug|Any CPU
		{6B52CCEE-02A0-487B-829C-C8B913CFC333}.Debug|Any CPU.Build.0 = Debug|Any CPU
		{6B52CCEE-02A0-487B-829C-C8B913CFC333}.Debug|x64.ActiveCfg = Debug|Any CPU
		{6B52CCEE-02A0-487B-829C-C8B913CFC333}.Debug|x64.Build.0 = Debug|Any CPU
		{6B52CCEE-02A0-487B-829C-C8B913CFC333}.Debug|x86.ActiveCfg = Debug|Any CPU
		{6B52CCEE-02A0-487B-829C-C8B913CFC333}.Debug|x86.Build.0 = Debug|Any CPU
		{6B52CCEE-02A0-487B-829C-C8B913CFC333}.Release|Any CPU.ActiveCfg = Release|Any CPU
		{6B52CCEE-02A0-487B-829C-C8B913CFC333}.Release|Any CPU.Build.0 = Release|Any CPU
		{6B52CCEE-02A0-487B-829C-C8B913CFC333}.Release|x64.ActiveCfg = Release|Any CPU
		{6B52CCEE-02A0-487B-829C-C8B913CFC333}.Release|x64.Build.0 = Release|Any CPU
		{6B52CCEE-02A0-487B-829C-C8B913CFC333}.Release|x86.ActiveCfg = Release|Any CPU
		{6B52CCEE-02A0-487B-829C-C8B913CFC333}.Release|x86.Build.0 = Release|Any CPU
		{0C683802-1892-4E3D-9462-B7A57B62AFEB}.Debug|Any CPU.ActiveCfg = Debug|Any CPU
		{0C683802-1892-4E3D-9462-B7A57B62AFEB}.Debug|Any CPU.Build.0 = Debug|Any CPU
		{0C683802-1892-4E3D-9462-B7A57B62AFEB}.Debug|x64.ActiveCfg = Debug|Any CPU
		{0C683802-1892-4E3D-9462-B7A57B62AFEB}.Debug|x64.Build.0 = Debug|Any CPU
		{0C683802-1892-4E3D-9462-B7A57B62AFEB}.Debug|x86.ActiveCfg = Debug|Any CPU
		{0C683802-1892-4E3D-9462-B7A57B62AFEB}.Debug|x86.Build.0 = Debug|Any CPU
		{0C683802-1892-4E3D-9462-B7A57B62AFEB}.Release|Any CPU.ActiveCfg = Release|Any CPU
		{0C683802-1892-4E3D-9462-B7A57B62AFEB}.Release|Any CPU.Build.0 = Release|Any CPU
		{0C683802-1892-4E3D-9462-B7A57B62AFEB}.Release|x64.ActiveCfg = Release|Any CPU
		{0C683802-1892-4E3D-9462-B7A57B62AFEB}.Release|x64.Build.0 = Release|Any CPU
		{0C683802-1892-4E3D-9462-B7A57B62AFEB}.Release|x86.ActiveCfg = Release|Any CPU
		{0C683802-1892-4E3D-9462-B7A57B62AFEB}.Release|x86.Build.0 = Release|Any CPU
		{D76216FF-8EFE-4333-BAFB-CB2CE996829D}.Debug|Any CPU.ActiveCfg = Debug|Any CPU
		{D76216FF-8EFE-4333-BAFB-CB2CE996829D}.Debug|Any CPU.Build.0 = Debug|Any CPU
		{D76216FF-8EFE-4333-BAFB-CB2CE996829D}.Debug|x64.ActiveCfg = Debug|Any CPU
		{D76216FF-8EFE-4333-BAFB-CB2CE996829D}.Debug|x64.Build.0 = Debug|Any CPU
		{D76216FF-8EFE-4333-BAFB-CB2CE996829D}.Debug|x86.ActiveCfg = Debug|Any CPU
		{D76216FF-8EFE-4333-BAFB-CB2CE996829D}.Debug|x86.Build.0 = Debug|Any CPU
		{D76216FF-8EFE-4333-BAFB-CB2CE996829D}.Release|Any CPU.ActiveCfg = Release|Any CPU
		{D76216FF-8EFE-4333-BAFB-CB2CE996829D}.Release|Any CPU.Build.0 = Release|Any CPU
		{D76216FF-8EFE-4333-BAFB-CB2CE996829D}.Release|x64.ActiveCfg = Release|Any CPU
		{D76216FF-8EFE-4333-BAFB-CB2CE996829D}.Release|x64.Build.0 = Release|Any CPU
		{D76216FF-8EFE-4333-BAFB-CB2CE996829D}.Release|x86.ActiveCfg = Release|Any CPU
		{D76216FF-8EFE-4333-BAFB-CB2CE996829D}.Release|x86.Build.0 = Release|Any CPU
		{CF19990C-86ED-40A3-8951-542339308D54}.Debug|Any CPU.ActiveCfg = Debug|Any CPU
		{CF19990C-86ED-40A3-8951-542339308D54}.Debug|Any CPU.Build.0 = Debug|Any CPU
		{CF19990C-86ED-40A3-8951-542339308D54}.Debug|x64.ActiveCfg = Debug|Any CPU
		{CF19990C-86ED-40A3-8951-542339308D54}.Debug|x64.Build.0 = Debug|Any CPU
		{CF19990C-86ED-40A3-8951-542339308D54}.Debug|x86.ActiveCfg = Debug|Any CPU
		{CF19990C-86ED-40A3-8951-542339308D54}.Debug|x86.Build.0 = Debug|Any CPU
		{CF19990C-86ED-40A3-8951-542339308D54}.Release|Any CPU.ActiveCfg = Release|Any CPU
		{CF19990C-86ED-40A3-8951-542339308D54}.Release|Any CPU.Build.0 = Release|Any CPU
		{CF19990C-86ED-40A3-8951-542339308D54}.Release|x64.ActiveCfg = Release|Any CPU
		{CF19990C-86ED-40A3-8951-542339308D54}.Release|x64.Build.0 = Release|Any CPU
		{CF19990C-86ED-40A3-8951-542339308D54}.Release|x86.ActiveCfg = Release|Any CPU
		{CF19990C-86ED-40A3-8951-542339308D54}.Release|x86.Build.0 = Release|Any CPU
		{A51E9B0A-4528-4DBC-A151-38784924BCDF}.Debug|Any CPU.ActiveCfg = Debug|Any CPU
		{A51E9B0A-4528-4DBC-A151-38784924BCDF}.Debug|Any CPU.Build.0 = Debug|Any CPU
		{A51E9B0A-4528-4DBC-A151-38784924BCDF}.Debug|x64.ActiveCfg = Debug|Any CPU
		{A51E9B0A-4528-4DBC-A151-38784924BCDF}.Debug|x64.Build.0 = Debug|Any CPU
		{A51E9B0A-4528-4DBC-A151-38784924BCDF}.Debug|x86.ActiveCfg = Debug|Any CPU
		{A51E9B0A-4528-4DBC-A151-38784924BCDF}.Debug|x86.Build.0 = Debug|Any CPU
		{A51E9B0A-4528-4DBC-A151-38784924BCDF}.Release|Any CPU.ActiveCfg = Release|Any CPU
		{A51E9B0A-4528-4DBC-A151-38784924BCDF}.Release|Any CPU.Build.0 = Release|Any CPU
		{A51E9B0A-4528-4DBC-A151-38784924BCDF}.Release|x64.ActiveCfg = Release|Any CPU
		{A51E9B0A-4528-4DBC-A151-38784924BCDF}.Release|x64.Build.0 = Release|Any CPU
		{A51E9B0A-4528-4DBC-A151-38784924BCDF}.Release|x86.ActiveCfg = Release|Any CPU
		{A51E9B0A-4528-4DBC-A151-38784924BCDF}.Release|x86.Build.0 = Release|Any CPU
		{E851EC6B-D216-44B0-9DB7-B734DE35D586}.Debug|Any CPU.ActiveCfg = Debug|Any CPU
		{E851EC6B-D216-44B0-9DB7-B734DE35D586}.Debug|Any CPU.Build.0 = Debug|Any CPU
		{E851EC6B-D216-44B0-9DB7-B734DE35D586}.Debug|x64.ActiveCfg = Debug|Any CPU
		{E851EC6B-D216-44B0-9DB7-B734DE35D586}.Debug|x64.Build.0 = Debug|Any CPU
		{E851EC6B-D216-44B0-9DB7-B734DE35D586}.Debug|x86.ActiveCfg = Debug|Any CPU
		{E851EC6B-D216-44B0-9DB7-B734DE35D586}.Debug|x86.Build.0 = Debug|Any CPU
		{E851EC6B-D216-44B0-9DB7-B734DE35D586}.Release|Any CPU.ActiveCfg = Release|Any CPU
		{E851EC6B-D216-44B0-9DB7-B734DE35D586}.Release|Any CPU.Build.0 = Release|Any CPU
		{E851EC6B-D216-44B0-9DB7-B734DE35D586}.Release|x64.ActiveCfg = Release|Any CPU
		{E851EC6B-D216-44B0-9DB7-B734DE35D586}.Release|x64.Build.0 = Release|Any CPU
		{E851EC6B-D216-44B0-9DB7-B734DE35D586}.Release|x86.ActiveCfg = Release|Any CPU
		{E851EC6B-D216-44B0-9DB7-B734DE35D586}.Release|x86.Build.0 = Release|Any CPU
		{FB527C70-33D5-47D7-AAF6-8D46B24B60CB}.Debug|Any CPU.ActiveCfg = Debug|Any CPU
		{FB527C70-33D5-47D7-AAF6-8D46B24B60CB}.Debug|Any CPU.Build.0 = Debug|Any CPU
		{FB527C70-33D5-47D7-AAF6-8D46B24B60CB}.Debug|x64.ActiveCfg = Debug|Any CPU
		{FB527C70-33D5-47D7-AAF6-8D46B24B60CB}.Debug|x64.Build.0 = Debug|Any CPU
		{FB527C70-33D5-47D7-AAF6-8D46B24B60CB}.Debug|x86.ActiveCfg = Debug|Any CPU
		{FB527C70-33D5-47D7-AAF6-8D46B24B60CB}.Debug|x86.Build.0 = Debug|Any CPU
		{FB527C70-33D5-47D7-AAF6-8D46B24B60CB}.Release|Any CPU.ActiveCfg = Release|Any CPU
		{FB527C70-33D5-47D7-AAF6-8D46B24B60CB}.Release|Any CPU.Build.0 = Release|Any CPU
		{FB527C70-33D5-47D7-AAF6-8D46B24B60CB}.Release|x64.ActiveCfg = Release|Any CPU
		{FB527C70-33D5-47D7-AAF6-8D46B24B60CB}.Release|x64.Build.0 = Release|Any CPU
		{FB527C70-33D5-47D7-AAF6-8D46B24B60CB}.Release|x86.ActiveCfg = Release|Any CPU
		{FB527C70-33D5-47D7-AAF6-8D46B24B60CB}.Release|x86.Build.0 = Release|Any CPU
		{DF1CEC29-1862-438A-83BA-90B9189C566A}.Debug|Any CPU.ActiveCfg = Debug|Any CPU
		{DF1CEC29-1862-438A-83BA-90B9189C566A}.Debug|Any CPU.Build.0 = Debug|Any CPU
		{DF1CEC29-1862-438A-83BA-90B9189C566A}.Debug|x64.ActiveCfg = Debug|Any CPU
		{DF1CEC29-1862-438A-83BA-90B9189C566A}.Debug|x64.Build.0 = Debug|Any CPU
		{DF1CEC29-1862-438A-83BA-90B9189C566A}.Debug|x86.ActiveCfg = Debug|Any CPU
		{DF1CEC29-1862-438A-83BA-90B9189C566A}.Debug|x86.Build.0 = Debug|Any CPU
		{DF1CEC29-1862-438A-83BA-90B9189C566A}.Release|Any CPU.ActiveCfg = Release|Any CPU
		{DF1CEC29-1862-438A-83BA-90B9189C566A}.Release|Any CPU.Build.0 = Release|Any CPU
		{DF1CEC29-1862-438A-83BA-90B9189C566A}.Release|x64.ActiveCfg = Release|Any CPU
		{DF1CEC29-1862-438A-83BA-90B9189C566A}.Release|x64.Build.0 = Release|Any CPU
		{DF1CEC29-1862-438A-83BA-90B9189C566A}.Release|x86.ActiveCfg = Release|Any CPU
		{DF1CEC29-1862-438A-83BA-90B9189C566A}.Release|x86.Build.0 = Release|Any CPU
		{AA2BC179-7511-4DB1-AE2A-4436F24679D9}.Debug|Any CPU.ActiveCfg = Debug|Any CPU
		{AA2BC179-7511-4DB1-AE2A-4436F24679D9}.Debug|Any CPU.Build.0 = Debug|Any CPU
		{AA2BC179-7511-4DB1-AE2A-4436F24679D9}.Debug|x64.ActiveCfg = Debug|Any CPU
		{AA2BC179-7511-4DB1-AE2A-4436F24679D9}.Debug|x64.Build.0 = Debug|Any CPU
		{AA2BC179-7511-4DB1-AE2A-4436F24679D9}.Debug|x86.ActiveCfg = Debug|Any CPU
		{AA2BC179-7511-4DB1-AE2A-4436F24679D9}.Debug|x86.Build.0 = Debug|Any CPU
		{AA2BC179-7511-4DB1-AE2A-4436F24679D9}.Release|Any CPU.ActiveCfg = Release|Any CPU
		{AA2BC179-7511-4DB1-AE2A-4436F24679D9}.Release|Any CPU.Build.0 = Release|Any CPU
		{AA2BC179-7511-4DB1-AE2A-4436F24679D9}.Release|x64.ActiveCfg = Release|Any CPU
		{AA2BC179-7511-4DB1-AE2A-4436F24679D9}.Release|x64.Build.0 = Release|Any CPU
		{AA2BC179-7511-4DB1-AE2A-4436F24679D9}.Release|x86.ActiveCfg = Release|Any CPU
		{AA2BC179-7511-4DB1-AE2A-4436F24679D9}.Release|x86.Build.0 = Release|Any CPU
		{C3DEC1DC-A14C-49C8-9BCD-6C09F4C6E66D}.Debug|Any CPU.ActiveCfg = Debug|Any CPU
		{C3DEC1DC-A14C-49C8-9BCD-6C09F4C6E66D}.Debug|Any CPU.Build.0 = Debug|Any CPU
		{C3DEC1DC-A14C-49C8-9BCD-6C09F4C6E66D}.Debug|x64.ActiveCfg = Debug|Any CPU
		{C3DEC1DC-A14C-49C8-9BCD-6C09F4C6E66D}.Debug|x64.Build.0 = Debug|Any CPU
		{C3DEC1DC-A14C-49C8-9BCD-6C09F4C6E66D}.Debug|x86.ActiveCfg = Debug|Any CPU
		{C3DEC1DC-A14C-49C8-9BCD-6C09F4C6E66D}.Debug|x86.Build.0 = Debug|Any CPU
		{C3DEC1DC-A14C-49C8-9BCD-6C09F4C6E66D}.Release|Any CPU.ActiveCfg = Release|Any CPU
		{C3DEC1DC-A14C-49C8-9BCD-6C09F4C6E66D}.Release|Any CPU.Build.0 = Release|Any CPU
		{C3DEC1DC-A14C-49C8-9BCD-6C09F4C6E66D}.Release|x64.ActiveCfg = Release|Any CPU
		{C3DEC1DC-A14C-49C8-9BCD-6C09F4C6E66D}.Release|x64.Build.0 = Release|Any CPU
		{C3DEC1DC-A14C-49C8-9BCD-6C09F4C6E66D}.Release|x86.ActiveCfg = Release|Any CPU
		{C3DEC1DC-A14C-49C8-9BCD-6C09F4C6E66D}.Release|x86.Build.0 = Release|Any CPU
	EndGlobalSection
	GlobalSection(SolutionProperties) = preSolution
		HideSolutionNode = FALSE
	EndGlobalSection
	GlobalSection(NestedProjects) = preSolution
		{C79C3622-AC92-5B3C-4F71-0BD0E7B3816F} = {827E0CD3-B72D-47B6-A68D-7590B98EB39B}
		{CD08F9CA-69D6-40D1-9AC9-2E4E1FF4E5EE} = {C79C3622-AC92-5B3C-4F71-0BD0E7B3816F}
		{AC8CA41E-B040-4714-9E4E-7A7929259968} = {C79C3622-AC92-5B3C-4F71-0BD0E7B3816F}
		{90298CBA-BD6F-3A0A-69D5-97CAD7B05E7E} = {827E0CD3-B72D-47B6-A68D-7590B98EB39B}
		{8B634788-3EA7-4FC0-B932-69D77056DFF1} = {90298CBA-BD6F-3A0A-69D5-97CAD7B05E7E}
		{613A95F5-9EDB-491D-A4CD-54DBF9226174} = {90298CBA-BD6F-3A0A-69D5-97CAD7B05E7E}
		{6C1CABE6-834D-48AE-A088-A85E84797D6E} = {90298CBA-BD6F-3A0A-69D5-97CAD7B05E7E}
		{251701D0-DBD8-4A05-8369-67CB14BD09A7} = {90298CBA-BD6F-3A0A-69D5-97CAD7B05E7E}
		{EC447DCF-ABFA-6E24-52A5-D7FD48A5C558} = {827E0CD3-B72D-47B6-A68D-7590B98EB39B}
		{0EC62A1A-9858-3A60-8A0C-FC9AACFA2EC7} = {EC447DCF-ABFA-6E24-52A5-D7FD48A5C558}
		{9D371146-B306-4EB6-A3C8-9941A9C11974} = {0EC62A1A-9858-3A60-8A0C-FC9AACFA2EC7}
		{7D016203-F357-4C78-A3C7-80A15E1F3ED7} = {0EC62A1A-9858-3A60-8A0C-FC9AACFA2EC7}
		{A7EDE329-7AD0-4FFF-AA0C-BB45E1CA5E30} = {0EC62A1A-9858-3A60-8A0C-FC9AACFA2EC7}
		{0B458FA3-B139-4DD3-8412-2DBC89DDD025} = {0EC62A1A-9858-3A60-8A0C-FC9AACFA2EC7}
		{1E1EF545-4C18-AEE2-B997-7EF431518D3F} = {EC447DCF-ABFA-6E24-52A5-D7FD48A5C558}
		{0DCCBFD7-87DC-4548-9023-5B90FA429D4C} = {1E1EF545-4C18-AEE2-B997-7EF431518D3F}
		{B35B670F-EE18-4334-9F22-798F33EE5596} = {1E1EF545-4C18-AEE2-B997-7EF431518D3F}
		{21627062-1FFC-43FB-A289-F9840DAA5351} = {1E1EF545-4C18-AEE2-B997-7EF431518D3F}
		{7CC03CA6-F955-4CF5-BA09-45C462A554C8} = {1E1EF545-4C18-AEE2-B997-7EF431518D3F}
		{18C073E0-6CB1-4693-3636-BFEE619A6192} = {EC447DCF-ABFA-6E24-52A5-D7FD48A5C558}
		{38CD499E-E469-4C4B-AA1F-ED051CD90186} = {18C073E0-6CB1-4693-3636-BFEE619A6192}
		{698548D0-AA2F-4B12-85A8-761E0594D0A5} = {18C073E0-6CB1-4693-3636-BFEE619A6192}
		{D87B4ED5-B019-4C35-9824-390AA98F7EAA} = {18C073E0-6CB1-4693-3636-BFEE619A6192}
		{55F86391-91BE-47B8-8105-128DF87AFE72} = {18C073E0-6CB1-4693-3636-BFEE619A6192}
		{4CB6940A-8DC2-EB53-204F-2C1D4B30062C} = {EC447DCF-ABFA-6E24-52A5-D7FD48A5C558}
		{B0FE2AD8-1858-459F-A309-55E417F65425} = {4CB6940A-8DC2-EB53-204F-2C1D4B30062C}
		{06C3D9BC-FCF7-433D-A07A-512D3ADC7344} = {4CB6940A-8DC2-EB53-204F-2C1D4B30062C}
		{41073D66-44F9-4210-9F58-7E3FD5A9C664} = {4CB6940A-8DC2-EB53-204F-2C1D4B30062C}
		{1924CBCC-2277-4460-9D9F-221865D2E0B3} = {4CB6940A-8DC2-EB53-204F-2C1D4B30062C}
		{1652FDBE-FD70-10D2-8806-7EAA51A58284} = {EC447DCF-ABFA-6E24-52A5-D7FD48A5C558}
		{01174B16-3E11-4163-B518-D2333F8E12BB} = {1652FDBE-FD70-10D2-8806-7EAA51A58284}
		{9BCAE0DA-3E63-4831-8311-4921E2459FA4} = {1652FDBE-FD70-10D2-8806-7EAA51A58284}
		{26C3EAA1-49D4-4AF4-9708-DE35B0E86324} = {1652FDBE-FD70-10D2-8806-7EAA51A58284}
		{03B82BAF-D0D5-4B90-9BB5-51EB1E11F9F6} = {1652FDBE-FD70-10D2-8806-7EAA51A58284}
		{119B9025-7692-9A9A-6CE7-5969F6835191} = {EC447DCF-ABFA-6E24-52A5-D7FD48A5C558}
		{443C850A-FE1B-4452-B32D-36CCDFFC0E09} = {119B9025-7692-9A9A-6CE7-5969F6835191}
		{B91D5024-D72B-4C46-BCE9-E46BC3BF3D19} = {119B9025-7692-9A9A-6CE7-5969F6835191}
		{646261FF-8F9B-43F9-A5CF-F4E2BAB8568D} = {119B9025-7692-9A9A-6CE7-5969F6835191}
		{63286BC5-AC6C-4F03-847D-51B32EFDDC02} = {119B9025-7692-9A9A-6CE7-5969F6835191}
		{7036C52F-510B-7D47-7F08-94B682610F05} = {EC447DCF-ABFA-6E24-52A5-D7FD48A5C558}
		{0F31814A-4623-4691-AF49-BEBADE4E95D8} = {7036C52F-510B-7D47-7F08-94B682610F05}
		{40797BD5-FB56-4847-9738-4DBC69183813} = {7036C52F-510B-7D47-7F08-94B682610F05}
		{630C8DD4-E1E6-40F6-8CC1-6893E174749E} = {7036C52F-510B-7D47-7F08-94B682610F05}
		{4A86266F-41E6-4B96-8511-55FA4701BF42} = {7036C52F-510B-7D47-7F08-94B682610F05}
		{7F68AD77-DBEA-C2B0-E9AC-FAEB1B77F0D5} = {EC447DCF-ABFA-6E24-52A5-D7FD48A5C558}
		{F65E9F31-1794-42E4-974A-9F74B8F27350} = {7F68AD77-DBEA-C2B0-E9AC-FAEB1B77F0D5}
		{73F5C29F-4933-44DF-B8B5-36EEAFC22EBD} = {7F68AD77-DBEA-C2B0-E9AC-FAEB1B77F0D5}
		{6D1ECE3D-14F4-44ED-B7F7-AE045BE157D6} = {7F68AD77-DBEA-C2B0-E9AC-FAEB1B77F0D5}
		{CA4CB275-A4EB-4F09-89E5-87D11313FAAE} = {7F68AD77-DBEA-C2B0-E9AC-FAEB1B77F0D5}
		{095328AA-0B72-689C-7EF8-3224A67DC1FE} = {EC447DCF-ABFA-6E24-52A5-D7FD48A5C558}
		{2191BCF5-8615-4C68-B821-BF9A5E7358C4} = {095328AA-0B72-689C-7EF8-3224A67DC1FE}
		{BE5F497A-31B1-4A84-AE05-60F167142D90} = {095328AA-0B72-689C-7EF8-3224A67DC1FE}
		{6B52CCEE-02A0-487B-829C-C8B913CFC333} = {095328AA-0B72-689C-7EF8-3224A67DC1FE}
		{0C683802-1892-4E3D-9462-B7A57B62AFEB} = {095328AA-0B72-689C-7EF8-3224A67DC1FE}
		{BB1D8860-8311-E62E-D03C-503AF4A8C141} = {EC447DCF-ABFA-6E24-52A5-D7FD48A5C558}
		{D76216FF-8EFE-4333-BAFB-CB2CE996829D} = {BB1D8860-8311-E62E-D03C-503AF4A8C141}
		{CF19990C-86ED-40A3-8951-542339308D54} = {BB1D8860-8311-E62E-D03C-503AF4A8C141}
		{A51E9B0A-4528-4DBC-A151-38784924BCDF} = {BB1D8860-8311-E62E-D03C-503AF4A8C141}
		{E851EC6B-D216-44B0-9DB7-B734DE35D586} = {BB1D8860-8311-E62E-D03C-503AF4A8C141}
		{DA0A0FAD-B77D-FDD6-35C5-001386650F99} = {EC447DCF-ABFA-6E24-52A5-D7FD48A5C558}
		{FB527C70-33D5-47D7-AAF6-8D46B24B60CB} = {DA0A0FAD-B77D-FDD6-35C5-001386650F99}
		{DF1CEC29-1862-438A-83BA-90B9189C566A} = {DA0A0FAD-B77D-FDD6-35C5-001386650F99}
		{AA2BC179-7511-4DB1-AE2A-4436F24679D9} = {DA0A0FAD-B77D-FDD6-35C5-001386650F99}
		{C3DEC1DC-A14C-49C8-9BCD-6C09F4C6E66D} = {DA0A0FAD-B77D-FDD6-35C5-001386650F99}
	EndGlobalSection
EndGlobal
